// !$*UTF8*$!
{
	archiveVersion = 1;
	classes = {
	};
	objectVersion = 56;
	objects = {

/* Begin PBXBuildFile section */
		B2073D072945F599008B43E4 /* ViewController.swift in Sources */ = {isa = PBXBuildFile; fileRef = B2073CFE2945F599008B43E4 /* ViewController.swift */; };
		B2073D082945F599008B43E4 /* Assets.xcassets in Resources */ = {isa = PBXBuildFile; fileRef = B2073CFF2945F599008B43E4 /* Assets.xcassets */; };
		B2073D092945F599008B43E4 /* LaunchScreen.storyboard in Resources */ = {isa = PBXBuildFile; fileRef = B2073D002945F599008B43E4 /* LaunchScreen.storyboard */; };
		B2073D0A2945F599008B43E4 /* Main.storyboard in Resources */ = {isa = PBXBuildFile; fileRef = B2073D022945F599008B43E4 /* Main.storyboard */; };
		B2073D0B2945F599008B43E4 /* AppDelegate.swift in Sources */ = {isa = PBXBuildFile; fileRef = B2073D042945F599008B43E4 /* AppDelegate.swift */; };
		B2073D0D2945F599008B43E4 /* SceneDelegate.swift in Sources */ = {isa = PBXBuildFile; fileRef = B2073D062945F599008B43E4 /* SceneDelegate.swift */; };
		B2073D0F2945F62C008B43E4 /* DKByCyrillicLayoutProvider.swift in Sources */ = {isa = PBXBuildFile; fileRef = B2073D0E2945F62C008B43E4 /* DKByCyrillicLayoutProvider.swift */; };
		B21A248A29360C7700C056E5 /* KeyboardViewController.swift in Sources */ = {isa = PBXBuildFile; fileRef = B21A248929360C7700C056E5 /* KeyboardViewController.swift */; };
		B21A248E29360C7700C056E5 /* Keyboard.appex in Embed Foundation Extensions */ = {isa = PBXBuildFile; fileRef = B21A248729360C7600C056E5 /* Keyboard.appex */; settings = {ATTRIBUTES = (RemoveHeadersOnCopy, ); }; };
		B21A2499293610EA00C056E5 /* DKKeyboardView.swift in Sources */ = {isa = PBXBuildFile; fileRef = B21A2498293610EA00C056E5 /* DKKeyboardView.swift */; };
		B22FC9E72950A90400B31E4A /* DKByKeyboardAppearance.swift in Sources */ = {isa = PBXBuildFile; fileRef = B22FC9E62950A90400B31E4A /* DKByKeyboardAppearance.swift */; };
		B22FC9E92950A94500B31E4A /* DKByActionHandler.swift in Sources */ = {isa = PBXBuildFile; fileRef = B22FC9E82950A94400B31E4A /* DKByActionHandler.swift */; };
		B22FC9EB2950C16800B31E4A /* DKByKeyboardSettings.swift in Sources */ = {isa = PBXBuildFile; fileRef = B22FC9EA2950C16800B31E4A /* DKByKeyboardSettings.swift */; };
		B22FC9EE29510C6900B31E4A /* BelarusianLacinka in Frameworks */ = {isa = PBXBuildFile; productRef = B22FC9ED29510C6900B31E4A /* BelarusianLacinka */; };
		B22FC9F029510CAD00B31E4A /* DKLocalization.swift in Sources */ = {isa = PBXBuildFile; fileRef = B22FC9EF29510CAD00B31E4A /* DKLocalization.swift */; };
		B22FC9F229510FB900B31E4A /* BelarusianLacinka in Frameworks */ = {isa = PBXBuildFile; productRef = B22FC9F129510FB900B31E4A /* BelarusianLacinka */; };
		B22FC9F42951A9F100B31E4A /* DKByCalloutActionProvider.swift in Sources */ = {isa = PBXBuildFile; fileRef = B22FC9F32951A9F100B31E4A /* DKByCalloutActionProvider.swift */; };
		B263A887293E01F70024242C /* DKByCyrillicCalloutActionProvider.swift in Sources */ = {isa = PBXBuildFile; fileRef = B263A885293E01F70024242C /* DKByCyrillicCalloutActionProvider.swift */; };
		B263A888293E01F70024242C /* DKByCyrillicInputSetProvider.swift in Sources */ = {isa = PBXBuildFile; fileRef = B263A886293E01F70024242C /* DKByCyrillicInputSetProvider.swift */; };
		B28C524D2954519C0025D49A /* DKByCyrillicAutocompleteProvider.swift in Sources */ = {isa = PBXBuildFile; fileRef = B28C524C2954519C0025D49A /* DKByCyrillicAutocompleteProvider.swift */; };
		B28C524F295455DE0025D49A /* DKByLatinAutocompleteProvider.swift in Sources */ = {isa = PBXBuildFile; fileRef = B28C524E295455DE0025D49A /* DKByLatinAutocompleteProvider.swift */; };
		B28C5253295624CF0025D49A /* DKAboutViewController.swift in Sources */ = {isa = PBXBuildFile; fileRef = B28C52502956243A0025D49A /* DKAboutViewController.swift */; };
		B28C525E295625C90025D49A /* UIColor+Tools.swift in Sources */ = {isa = PBXBuildFile; fileRef = B28C525C295625C90025D49A /* UIColor+Tools.swift */; };
		B28C525F295625C90025D49A /* NSAttributedString+Tools.swift in Sources */ = {isa = PBXBuildFile; fileRef = B28C525D295625C90025D49A /* NSAttributedString+Tools.swift */; };
		B2AC43AD2945F21400ACC32E /* KeyboardKit in Frameworks */ = {isa = PBXBuildFile; productRef = B2AC43AC2945F21400ACC32E /* KeyboardKit */; };
		B2AF577B294FEBF900E7CF2F /* DKByLatinInputSetProvider.swift in Sources */ = {isa = PBXBuildFile; fileRef = B2AF577A294FEBF900E7CF2F /* DKByLatinInputSetProvider.swift */; };
		B2AF577D294FECD500E7CF2F /* DKByLatinCalloutActionProvider.swift in Sources */ = {isa = PBXBuildFile; fileRef = B2AF577C294FECD500E7CF2F /* DKByLatinCalloutActionProvider.swift */; };
		B2AF577F294FEE4200E7CF2F /* DKByLatinLayoutProvider.swift in Sources */ = {isa = PBXBuildFile; fileRef = B2AF577E294FEE4200E7CF2F /* DKByLatinLayoutProvider.swift */; };
		B2B2092529794FB600D4D5DC /* DKLocalization.swift in Sources */ = {isa = PBXBuildFile; fileRef = B2B2092429794FB600D4D5DC /* DKLocalization.swift */; };
		B2B20928297952CE00D4D5DC /* BLBelarusianTransliterationChoiceViewController.xib in Resources */ = {isa = PBXBuildFile; fileRef = B2B20926297952C900D4D5DC /* BLBelarusianTransliterationChoiceViewController.xib */; };
		B2B35510295662EC0006B8B1 /* CALayer+Tools.swift in Sources */ = {isa = PBXBuildFile; fileRef = B2B3550F295662EC0006B8B1 /* CALayer+Tools.swift */; };
		B2B35512295896070006B8B1 /* BLBelarusianTransliterationChoiceViewController.swift in Sources */ = {isa = PBXBuildFile; fileRef = B2B35511295896070006B8B1 /* BLBelarusianTransliterationChoiceViewController.swift */; };
		B2B355132958A0870006B8B1 /* DKByKeyboardSettings.swift in Sources */ = {isa = PBXBuildFile; fileRef = B22FC9EA2950C16800B31E4A /* DKByKeyboardSettings.swift */; };
		B2F8569F2952942800CADE71 /* KeyboardKit in Frameworks */ = {isa = PBXBuildFile; productRef = B2F8569E2952942800CADE71 /* KeyboardKit */; };
/* End PBXBuildFile section */

/* Begin PBXContainerItemProxy section */
		B21A248C29360C7700C056E5 /* PBXContainerItemProxy */ = {
			isa = PBXContainerItemProxy;
			containerPortal = B21A246129360B3600C056E5 /* Project object */;
			proxyType = 1;
			remoteGlobalIDString = B21A248629360C7600C056E5;
			remoteInfo = Keyboard;
		};
/* End PBXContainerItemProxy section */

/* Begin PBXCopyFilesBuildPhase section */
		B21A249229360C7700C056E5 /* Embed Foundation Extensions */ = {
			isa = PBXCopyFilesBuildPhase;
			buildActionMask = 2147483647;
			dstPath = "";
			dstSubfolderSpec = 13;
			files = (
				B21A248E29360C7700C056E5 /* Keyboard.appex in Embed Foundation Extensions */,
			);
			name = "Embed Foundation Extensions";
			runOnlyForDeploymentPostprocessing = 0;
		};
/* End PBXCopyFilesBuildPhase section */

/* Begin PBXFileReference section */
		B2073CFE2945F599008B43E4 /* ViewController.swift */ = {isa = PBXFileReference; fileEncoding = 4; lastKnownFileType = sourcecode.swift; path = ViewController.swift; sourceTree = "<group>"; };
		B2073CFF2945F599008B43E4 /* Assets.xcassets */ = {isa = PBXFileReference; lastKnownFileType = folder.assetcatalog; path = Assets.xcassets; sourceTree = "<group>"; };
		B2073D012945F599008B43E4 /* Base */ = {isa = PBXFileReference; lastKnownFileType = file.storyboard; name = Base; path = Base.lproj/LaunchScreen.storyboard; sourceTree = "<group>"; };
		B2073D032945F599008B43E4 /* Base */ = {isa = PBXFileReference; lastKnownFileType = file.storyboard; name = Base; path = Base.lproj/Main.storyboard; sourceTree = "<group>"; };
		B2073D042945F599008B43E4 /* AppDelegate.swift */ = {isa = PBXFileReference; fileEncoding = 4; lastKnownFileType = sourcecode.swift; path = AppDelegate.swift; sourceTree = "<group>"; };
		B2073D052945F599008B43E4 /* Info.plist */ = {isa = PBXFileReference; fileEncoding = 4; lastKnownFileType = text.plist.xml; path = Info.plist; sourceTree = "<group>"; };
		B2073D062945F599008B43E4 /* SceneDelegate.swift */ = {isa = PBXFileReference; fileEncoding = 4; lastKnownFileType = sourcecode.swift; path = SceneDelegate.swift; sourceTree = "<group>"; };
		B2073D0E2945F62C008B43E4 /* DKByCyrillicLayoutProvider.swift */ = {isa = PBXFileReference; lastKnownFileType = sourcecode.swift; path = DKByCyrillicLayoutProvider.swift; sourceTree = "<group>"; };
		B21A246929360B3600C056E5 /* Drukarnik.app */ = {isa = PBXFileReference; explicitFileType = wrapper.application; includeInIndex = 0; path = Drukarnik.app; sourceTree = BUILT_PRODUCTS_DIR; };
		B21A248729360C7600C056E5 /* Keyboard.appex */ = {isa = PBXFileReference; explicitFileType = "wrapper.app-extension"; includeInIndex = 0; path = Keyboard.appex; sourceTree = BUILT_PRODUCTS_DIR; };
		B21A248929360C7700C056E5 /* KeyboardViewController.swift */ = {isa = PBXFileReference; lastKnownFileType = sourcecode.swift; path = KeyboardViewController.swift; sourceTree = "<group>"; };
		B21A248B29360C7700C056E5 /* Info.plist */ = {isa = PBXFileReference; lastKnownFileType = text.plist.xml; path = Info.plist; sourceTree = "<group>"; };
		B21A2498293610EA00C056E5 /* DKKeyboardView.swift */ = {isa = PBXFileReference; lastKnownFileType = sourcecode.swift; path = DKKeyboardView.swift; sourceTree = "<group>"; };
		B22FC9E62950A90400B31E4A /* DKByKeyboardAppearance.swift */ = {isa = PBXFileReference; fileEncoding = 4; lastKnownFileType = sourcecode.swift; path = DKByKeyboardAppearance.swift; sourceTree = "<group>"; };
		B22FC9E82950A94400B31E4A /* DKByActionHandler.swift */ = {isa = PBXFileReference; fileEncoding = 4; lastKnownFileType = sourcecode.swift; path = DKByActionHandler.swift; sourceTree = "<group>"; };
		B22FC9EA2950C16800B31E4A /* DKByKeyboardSettings.swift */ = {isa = PBXFileReference; lastKnownFileType = sourcecode.swift; path = DKByKeyboardSettings.swift; sourceTree = "<group>"; };
		B22FC9EF29510CAD00B31E4A /* DKLocalization.swift */ = {isa = PBXFileReference; lastKnownFileType = sourcecode.swift; path = DKLocalization.swift; sourceTree = "<group>"; };
		B22FC9F32951A9F100B31E4A /* DKByCalloutActionProvider.swift */ = {isa = PBXFileReference; lastKnownFileType = sourcecode.swift; path = DKByCalloutActionProvider.swift; sourceTree = "<group>"; };
		B263A885293E01F70024242C /* DKByCyrillicCalloutActionProvider.swift */ = {isa = PBXFileReference; fileEncoding = 4; lastKnownFileType = sourcecode.swift; path = DKByCyrillicCalloutActionProvider.swift; sourceTree = "<group>"; };
		B263A886293E01F70024242C /* DKByCyrillicInputSetProvider.swift */ = {isa = PBXFileReference; fileEncoding = 4; lastKnownFileType = sourcecode.swift; path = DKByCyrillicInputSetProvider.swift; sourceTree = "<group>"; };
		B28C524C2954519C0025D49A /* DKByCyrillicAutocompleteProvider.swift */ = {isa = PBXFileReference; lastKnownFileType = sourcecode.swift; path = DKByCyrillicAutocompleteProvider.swift; sourceTree = "<group>"; };
		B28C524E295455DE0025D49A /* DKByLatinAutocompleteProvider.swift */ = {isa = PBXFileReference; lastKnownFileType = sourcecode.swift; path = DKByLatinAutocompleteProvider.swift; sourceTree = "<group>"; };
		B28C52502956243A0025D49A /* DKAboutViewController.swift */ = {isa = PBXFileReference; lastKnownFileType = sourcecode.swift; path = DKAboutViewController.swift; sourceTree = "<group>"; };
		B28C525C295625C90025D49A /* UIColor+Tools.swift */ = {isa = PBXFileReference; fileEncoding = 4; lastKnownFileType = sourcecode.swift; path = "UIColor+Tools.swift"; sourceTree = "<group>"; };
		B28C525D295625C90025D49A /* NSAttributedString+Tools.swift */ = {isa = PBXFileReference; fileEncoding = 4; lastKnownFileType = sourcecode.swift; path = "NSAttributedString+Tools.swift"; sourceTree = "<group>"; };
		B2AF577A294FEBF900E7CF2F /* DKByLatinInputSetProvider.swift */ = {isa = PBXFileReference; fileEncoding = 4; lastKnownFileType = sourcecode.swift; path = DKByLatinInputSetProvider.swift; sourceTree = "<group>"; };
		B2AF577C294FECD500E7CF2F /* DKByLatinCalloutActionProvider.swift */ = {isa = PBXFileReference; fileEncoding = 4; lastKnownFileType = sourcecode.swift; path = DKByLatinCalloutActionProvider.swift; sourceTree = "<group>"; };
		B2AF577E294FEE4200E7CF2F /* DKByLatinLayoutProvider.swift */ = {isa = PBXFileReference; fileEncoding = 4; lastKnownFileType = sourcecode.swift; path = DKByLatinLayoutProvider.swift; sourceTree = "<group>"; };
		B2B2092429794FB600D4D5DC /* DKLocalization.swift */ = {isa = PBXFileReference; lastKnownFileType = sourcecode.swift; path = DKLocalization.swift; sourceTree = "<group>"; };
		B2B20926297952C900D4D5DC /* BLBelarusianTransliterationChoiceViewController.xib */ = {isa = PBXFileReference; lastKnownFileType = file.xib; path = BLBelarusianTransliterationChoiceViewController.xib; sourceTree = "<group>"; };
		B2B3550F295662EC0006B8B1 /* CALayer+Tools.swift */ = {isa = PBXFileReference; lastKnownFileType = sourcecode.swift; path = "CALayer+Tools.swift"; sourceTree = "<group>"; };
		B2B35511295896070006B8B1 /* BLBelarusianTransliterationChoiceViewController.swift */ = {isa = PBXFileReference; lastKnownFileType = sourcecode.swift; path = BLBelarusianTransliterationChoiceViewController.swift; sourceTree = "<group>"; };
/* End PBXFileReference section */

/* Begin PBXFrameworksBuildPhase section */
		B21A246629360B3600C056E5 /* Frameworks */ = {
			isa = PBXFrameworksBuildPhase;
			buildActionMask = 2147483647;
			files = (
				B2F8569F2952942800CADE71 /* KeyboardKit in Frameworks */,
				B22FC9EE29510C6900B31E4A /* BelarusianLacinka in Frameworks */,
			);
			runOnlyForDeploymentPostprocessing = 0;
		};
		B21A248429360C7600C056E5 /* Frameworks */ = {
			isa = PBXFrameworksBuildPhase;
			buildActionMask = 2147483647;
			files = (
				B22FC9F229510FB900B31E4A /* BelarusianLacinka in Frameworks */,
				B2AC43AD2945F21400ACC32E /* KeyboardKit in Frameworks */,
			);
			runOnlyForDeploymentPostprocessing = 0;
		};
/* End PBXFrameworksBuildPhase section */

/* Begin PBXGroup section */
		B2073CFD2945F599008B43E4 /* Drukarnik */ = {
			isa = PBXGroup;
			children = (
				B2073CFE2945F599008B43E4 /* ViewController.swift */,
				B2B2092429794FB600D4D5DC /* DKLocalization.swift */,
				B2073D062945F599008B43E4 /* SceneDelegate.swift */,
				B28C52502956243A0025D49A /* DKAboutViewController.swift */,
				B2B35511295896070006B8B1 /* BLBelarusianTransliterationChoiceViewController.swift */,
				B2073CFF2945F599008B43E4 /* Assets.xcassets */,
				B2073D002945F599008B43E4 /* LaunchScreen.storyboard */,
				B2073D022945F599008B43E4 /* Main.storyboard */,
				B2B20926297952C900D4D5DC /* BLBelarusianTransliterationChoiceViewController.xib */,
				B2073D042945F599008B43E4 /* AppDelegate.swift */,
				B2073D052945F599008B43E4 /* Info.plist */,
				B28C525B295625C90025D49A /* Categories */,
			);
			path = Drukarnik;
			sourceTree = SOURCE_ROOT;
		};
		B21A246029360B3600C056E5 = {
			isa = PBXGroup;
			children = (
				B21A248829360C7700C056E5 /* Keyboard */,
				B21A246A29360B3600C056E5 /* Products */,
				B21A249329360CB000C056E5 /* Frameworks */,
			);
			sourceTree = "<group>";
		};
		B21A246A29360B3600C056E5 /* Products */ = {
			isa = PBXGroup;
			children = (
				B21A246929360B3600C056E5 /* Drukarnik.app */,
				B21A248729360C7600C056E5 /* Keyboard.appex */,
			);
			name = Products;
			sourceTree = "<group>";
		};
		B21A248829360C7700C056E5 /* Keyboard */ = {
			isa = PBXGroup;
			children = (
				B2073CFD2945F599008B43E4 /* Drukarnik */,
				B263A882293E01F70024242C /* Keyboards */,
				B21A248929360C7700C056E5 /* KeyboardViewController.swift */,
				B21A2498293610EA00C056E5 /* DKKeyboardView.swift */,
				B21A248B29360C7700C056E5 /* Info.plist */,
			);
			path = Keyboard;
			sourceTree = "<group>";
		};
		B21A249329360CB000C056E5 /* Frameworks */ = {
			isa = PBXGroup;
			children = (
			);
			name = Frameworks;
			sourceTree = "<group>";
		};
		B263A882293E01F70024242C /* Keyboards */ = {
			isa = PBXGroup;
			children = (
				B22FC9E62950A90400B31E4A /* DKByKeyboardAppearance.swift */,
				B22FC9E82950A94400B31E4A /* DKByActionHandler.swift */,
				B22FC9EF29510CAD00B31E4A /* DKLocalization.swift */,
				B22FC9EA2950C16800B31E4A /* DKByKeyboardSettings.swift */,
				B22FC9F32951A9F100B31E4A /* DKByCalloutActionProvider.swift */,
				B263A883293E01F70024242C /* BeLacin */,
				B263A884293E01F70024242C /* ByCyrillic */,
			);
			path = Keyboards;
			sourceTree = "<group>";
		};
		B263A883293E01F70024242C /* BeLacin */ = {
			isa = PBXGroup;
			children = (
				B2AF577A294FEBF900E7CF2F /* DKByLatinInputSetProvider.swift */,
				B2AF577C294FECD500E7CF2F /* DKByLatinCalloutActionProvider.swift */,
				B2AF577E294FEE4200E7CF2F /* DKByLatinLayoutProvider.swift */,
				B28C524E295455DE0025D49A /* DKByLatinAutocompleteProvider.swift */,
			);
			path = BeLacin;
			sourceTree = "<group>";
		};
		B263A884293E01F70024242C /* ByCyrillic */ = {
			isa = PBXGroup;
			children = (
				B263A886293E01F70024242C /* DKByCyrillicInputSetProvider.swift */,
				B263A885293E01F70024242C /* DKByCyrillicCalloutActionProvider.swift */,
				B2073D0E2945F62C008B43E4 /* DKByCyrillicLayoutProvider.swift */,
				B28C524C2954519C0025D49A /* DKByCyrillicAutocompleteProvider.swift */,
			);
			path = ByCyrillic;
			sourceTree = "<group>";
		};
		B28C525B295625C90025D49A /* Categories */ = {
			isa = PBXGroup;
			children = (
				B28C525C295625C90025D49A /* UIColor+Tools.swift */,
				B2B3550F295662EC0006B8B1 /* CALayer+Tools.swift */,
				B28C525D295625C90025D49A /* NSAttributedString+Tools.swift */,
			);
			path = Categories;
			sourceTree = "<group>";
		};
/* End PBXGroup section */

/* Begin PBXNativeTarget section */
		B21A246829360B3600C056E5 /* Drukarnik */ = {
			isa = PBXNativeTarget;
			buildConfigurationList = B21A247D29360B3B00C056E5 /* Build configuration list for PBXNativeTarget "Drukarnik" */;
			buildPhases = (
				B21A246529360B3600C056E5 /* Sources */,
				B21A246629360B3600C056E5 /* Frameworks */,
				B21A246729360B3600C056E5 /* Resources */,
				B21A249229360C7700C056E5 /* Embed Foundation Extensions */,
			);
			buildRules = (
			);
			dependencies = (
				B2073D132945FC4B008B43E4 /* PBXTargetDependency */,
				B21A248D29360C7700C056E5 /* PBXTargetDependency */,
			);
			name = Drukarnik;
			packageProductDependencies = (
				B22FC9ED29510C6900B31E4A /* BelarusianLacinka */,
				B2F8569E2952942800CADE71 /* KeyboardKit */,
			);
			productName = Drukarnik;
			productReference = B21A246929360B3600C056E5 /* Drukarnik.app */;
			productType = "com.apple.product-type.application";
		};
		B21A248629360C7600C056E5 /* Keyboard */ = {
			isa = PBXNativeTarget;
			buildConfigurationList = B21A248F29360C7700C056E5 /* Build configuration list for PBXNativeTarget "Keyboard" */;
			buildPhases = (
				B21A248329360C7600C056E5 /* Sources */,
				B21A248429360C7600C056E5 /* Frameworks */,
				B21A248529360C7600C056E5 /* Resources */,
			);
			buildRules = (
			);
			dependencies = (
				B2AC43B72945F4F100ACC32E /* PBXTargetDependency */,
			);
			name = Keyboard;
			packageProductDependencies = (
				B2AC43AC2945F21400ACC32E /* KeyboardKit */,
				B22FC9F129510FB900B31E4A /* BelarusianLacinka */,
			);
			productName = Keyboard;
			productReference = B21A248729360C7600C056E5 /* Keyboard.appex */;
			productType = "com.apple.product-type.app-extension";
		};
/* End PBXNativeTarget section */

/* Begin PBXProject section */
		B21A246129360B3600C056E5 /* Project object */ = {
			isa = PBXProject;
			attributes = {
				BuildIndependentTargetsInParallel = 1;
				CLASSPREFIX = DK;
				LastSwiftUpdateCheck = 1410;
				LastUpgradeCheck = 1410;
				TargetAttributes = {
					B21A246829360B3600C056E5 = {
						CreatedOnToolsVersion = 14.1;
					};
					B21A248629360C7600C056E5 = {
						CreatedOnToolsVersion = 14.1;
					};
				};
			};
			buildConfigurationList = B21A246429360B3600C056E5 /* Build configuration list for PBXProject "Drukarnik" */;
			compatibilityVersion = "Xcode 14.0";
			developmentRegion = en;
			hasScannedForEncodings = 0;
			knownRegions = (
				en,
				Base,
			);
			mainGroup = B21A246029360B3600C056E5;
			packageReferences = (
				B22FC9EC29510C6900B31E4A /* XCRemoteSwiftPackageReference "belarusianlacinka" */,
				B2F8569D2952942800CADE71 /* XCRemoteSwiftPackageReference "KeyboardKit" */,
			);
			productRefGroup = B21A246A29360B3600C056E5 /* Products */;
			projectDirPath = "";
			projectRoot = "";
			targets = (
				B21A246829360B3600C056E5 /* Drukarnik */,
				B21A248629360C7600C056E5 /* Keyboard */,
			);
		};
/* End PBXProject section */

/* Begin PBXResourcesBuildPhase section */
		B21A246729360B3600C056E5 /* Resources */ = {
			isa = PBXResourcesBuildPhase;
			buildActionMask = 2147483647;
			files = (
				B2073D0A2945F599008B43E4 /* Main.storyboard in Resources */,
				B2B20928297952CE00D4D5DC /* BLBelarusianTransliterationChoiceViewController.xib in Resources */,
				B2073D082945F599008B43E4 /* Assets.xcassets in Resources */,
				B2073D092945F599008B43E4 /* LaunchScreen.storyboard in Resources */,
			);
			runOnlyForDeploymentPostprocessing = 0;
		};
		B21A248529360C7600C056E5 /* Resources */ = {
			isa = PBXResourcesBuildPhase;
			buildActionMask = 2147483647;
			files = (
			);
			runOnlyForDeploymentPostprocessing = 0;
		};
/* End PBXResourcesBuildPhase section */

/* Begin PBXSourcesBuildPhase section */
		B21A246529360B3600C056E5 /* Sources */ = {
			isa = PBXSourcesBuildPhase;
			buildActionMask = 2147483647;
			files = (
				B28C525F295625C90025D49A /* NSAttributedString+Tools.swift in Sources */,
				B28C5253295624CF0025D49A /* DKAboutViewController.swift in Sources */,
				B2073D0B2945F599008B43E4 /* AppDelegate.swift in Sources */,
				B2B35510295662EC0006B8B1 /* CALayer+Tools.swift in Sources */,
				B2073D072945F599008B43E4 /* ViewController.swift in Sources */,
				B2B355132958A0870006B8B1 /* DKByKeyboardSettings.swift in Sources */,
				B28C525E295625C90025D49A /* UIColor+Tools.swift in Sources */,
				B2B35512295896070006B8B1 /* BLBelarusianTransliterationChoiceViewController.swift in Sources */,
				B2B2092529794FB600D4D5DC /* DKLocalization.swift in Sources */,
				B2073D0D2945F599008B43E4 /* SceneDelegate.swift in Sources */,
			);
			runOnlyForDeploymentPostprocessing = 0;
		};
		B21A248329360C7600C056E5 /* Sources */ = {
			isa = PBXSourcesBuildPhase;
			buildActionMask = 2147483647;
			files = (
				B22FC9E72950A90400B31E4A /* DKByKeyboardAppearance.swift in Sources */,
				B28C524D2954519C0025D49A /* DKByCyrillicAutocompleteProvider.swift in Sources */,
				B22FC9E92950A94500B31E4A /* DKByActionHandler.swift in Sources */,
				B263A887293E01F70024242C /* DKByCyrillicCalloutActionProvider.swift in Sources */,
				B22FC9F029510CAD00B31E4A /* DKLocalization.swift in Sources */,
				B263A888293E01F70024242C /* DKByCyrillicInputSetProvider.swift in Sources */,
				B21A248A29360C7700C056E5 /* KeyboardViewController.swift in Sources */,
				B2073D0F2945F62C008B43E4 /* DKByCyrillicLayoutProvider.swift in Sources */,
				B2AF577B294FEBF900E7CF2F /* DKByLatinInputSetProvider.swift in Sources */,
				B22FC9EB2950C16800B31E4A /* DKByKeyboardSettings.swift in Sources */,
				B2AF577D294FECD500E7CF2F /* DKByLatinCalloutActionProvider.swift in Sources */,
				B21A2499293610EA00C056E5 /* DKKeyboardView.swift in Sources */,
				B2AF577F294FEE4200E7CF2F /* DKByLatinLayoutProvider.swift in Sources */,
				B22FC9F42951A9F100B31E4A /* DKByCalloutActionProvider.swift in Sources */,
				B28C524F295455DE0025D49A /* DKByLatinAutocompleteProvider.swift in Sources */,
			);
			runOnlyForDeploymentPostprocessing = 0;
		};
/* End PBXSourcesBuildPhase section */

/* Begin PBXTargetDependency section */
		B2073D132945FC4B008B43E4 /* PBXTargetDependency */ = {
			isa = PBXTargetDependency;
			productRef = B2073D122945FC4B008B43E4 /* KeyboardKit */;
		};
		B21A248D29360C7700C056E5 /* PBXTargetDependency */ = {
			isa = PBXTargetDependency;
			target = B21A248629360C7600C056E5 /* Keyboard */;
			targetProxy = B21A248C29360C7700C056E5 /* PBXContainerItemProxy */;
		};
		B2AC43B72945F4F100ACC32E /* PBXTargetDependency */ = {
			isa = PBXTargetDependency;
			productRef = B2AC43B62945F4F100ACC32E /* KeyboardKit */;
		};
/* End PBXTargetDependency section */

/* Begin PBXVariantGroup section */
		B2073D002945F599008B43E4 /* LaunchScreen.storyboard */ = {
			isa = PBXVariantGroup;
			children = (
				B2073D012945F599008B43E4 /* Base */,
			);
			name = LaunchScreen.storyboard;
			sourceTree = "<group>";
		};
		B2073D022945F599008B43E4 /* Main.storyboard */ = {
			isa = PBXVariantGroup;
			children = (
				B2073D032945F599008B43E4 /* Base */,
			);
			name = Main.storyboard;
			sourceTree = "<group>";
		};
/* End PBXVariantGroup section */

/* Begin XCBuildConfiguration section */
		B21A247B29360B3B00C056E5 /* Debug */ = {
			isa = XCBuildConfiguration;
			buildSettings = {
				ALWAYS_SEARCH_USER_PATHS = NO;
				CLANG_ANALYZER_NONNULL = YES;
				CLANG_ANALYZER_NUMBER_OBJECT_CONVERSION = YES_AGGRESSIVE;
				CLANG_CXX_LANGUAGE_STANDARD = "gnu++20";
				CLANG_ENABLE_MODULES = YES;
				CLANG_ENABLE_OBJC_ARC = YES;
				CLANG_ENABLE_OBJC_WEAK = YES;
				CLANG_WARN_BLOCK_CAPTURE_AUTORELEASING = YES;
				CLANG_WARN_BOOL_CONVERSION = YES;
				CLANG_WARN_COMMA = YES;
				CLANG_WARN_CONSTANT_CONVERSION = YES;
				CLANG_WARN_DEPRECATED_OBJC_IMPLEMENTATIONS = YES;
				CLANG_WARN_DIRECT_OBJC_ISA_USAGE = YES_ERROR;
				CLANG_WARN_DOCUMENTATION_COMMENTS = YES;
				CLANG_WARN_EMPTY_BODY = YES;
				CLANG_WARN_ENUM_CONVERSION = YES;
				CLANG_WARN_INFINITE_RECURSION = YES;
				CLANG_WARN_INT_CONVERSION = YES;
				CLANG_WARN_NON_LITERAL_NULL_CONVERSION = YES;
				CLANG_WARN_OBJC_IMPLICIT_RETAIN_SELF = YES;
				CLANG_WARN_OBJC_LITERAL_CONVERSION = YES;
				CLANG_WARN_OBJC_ROOT_CLASS = YES_ERROR;
				CLANG_WARN_QUOTED_INCLUDE_IN_FRAMEWORK_HEADER = YES;
				CLANG_WARN_RANGE_LOOP_ANALYSIS = YES;
				CLANG_WARN_STRICT_PROTOTYPES = YES;
				CLANG_WARN_SUSPICIOUS_MOVE = YES;
				CLANG_WARN_UNGUARDED_AVAILABILITY = YES_AGGRESSIVE;
				CLANG_WARN_UNREACHABLE_CODE = YES;
				CLANG_WARN__DUPLICATE_METHOD_MATCH = YES;
				COPY_PHASE_STRIP = NO;
				DEBUG_INFORMATION_FORMAT = dwarf;
				ENABLE_STRICT_OBJC_MSGSEND = YES;
				ENABLE_TESTABILITY = YES;
				GCC_C_LANGUAGE_STANDARD = gnu11;
				GCC_DYNAMIC_NO_PIC = NO;
				GCC_NO_COMMON_BLOCKS = YES;
				GCC_OPTIMIZATION_LEVEL = 0;
				GCC_PREPROCESSOR_DEFINITIONS = (
					"DEBUG=1",
					"$(inherited)",
				);
				GCC_WARN_64_TO_32_BIT_CONVERSION = YES;
				GCC_WARN_ABOUT_RETURN_TYPE = YES_ERROR;
				GCC_WARN_UNDECLARED_SELECTOR = YES;
				GCC_WARN_UNINITIALIZED_AUTOS = YES_AGGRESSIVE;
				GCC_WARN_UNUSED_FUNCTION = YES;
				GCC_WARN_UNUSED_VARIABLE = YES;
				IPHONEOS_DEPLOYMENT_TARGET = 16.1;
				MTL_ENABLE_DEBUG_INFO = INCLUDE_SOURCE;
				MTL_FAST_MATH = YES;
				ONLY_ACTIVE_ARCH = YES;
				SDKROOT = iphoneos;
				SWIFT_ACTIVE_COMPILATION_CONDITIONS = DEBUG;
				SWIFT_OPTIMIZATION_LEVEL = "-Onone";
			};
			name = Debug;
		};
		B21A247C29360B3B00C056E5 /* Release */ = {
			isa = XCBuildConfiguration;
			buildSettings = {
				ALWAYS_SEARCH_USER_PATHS = NO;
				CLANG_ANALYZER_NONNULL = YES;
				CLANG_ANALYZER_NUMBER_OBJECT_CONVERSION = YES_AGGRESSIVE;
				CLANG_CXX_LANGUAGE_STANDARD = "gnu++20";
				CLANG_ENABLE_MODULES = YES;
				CLANG_ENABLE_OBJC_ARC = YES;
				CLANG_ENABLE_OBJC_WEAK = YES;
				CLANG_WARN_BLOCK_CAPTURE_AUTORELEASING = YES;
				CLANG_WARN_BOOL_CONVERSION = YES;
				CLANG_WARN_COMMA = YES;
				CLANG_WARN_CONSTANT_CONVERSION = YES;
				CLANG_WARN_DEPRECATED_OBJC_IMPLEMENTATIONS = YES;
				CLANG_WARN_DIRECT_OBJC_ISA_USAGE = YES_ERROR;
				CLANG_WARN_DOCUMENTATION_COMMENTS = YES;
				CLANG_WARN_EMPTY_BODY = YES;
				CLANG_WARN_ENUM_CONVERSION = YES;
				CLANG_WARN_INFINITE_RECURSION = YES;
				CLANG_WARN_INT_CONVERSION = YES;
				CLANG_WARN_NON_LITERAL_NULL_CONVERSION = YES;
				CLANG_WARN_OBJC_IMPLICIT_RETAIN_SELF = YES;
				CLANG_WARN_OBJC_LITERAL_CONVERSION = YES;
				CLANG_WARN_OBJC_ROOT_CLASS = YES_ERROR;
				CLANG_WARN_QUOTED_INCLUDE_IN_FRAMEWORK_HEADER = YES;
				CLANG_WARN_RANGE_LOOP_ANALYSIS = YES;
				CLANG_WARN_STRICT_PROTOTYPES = YES;
				CLANG_WARN_SUSPICIOUS_MOVE = YES;
				CLANG_WARN_UNGUARDED_AVAILABILITY = YES_AGGRESSIVE;
				CLANG_WARN_UNREACHABLE_CODE = YES;
				CLANG_WARN__DUPLICATE_METHOD_MATCH = YES;
				COPY_PHASE_STRIP = NO;
				DEBUG_INFORMATION_FORMAT = "dwarf-with-dsym";
				ENABLE_NS_ASSERTIONS = NO;
				ENABLE_STRICT_OBJC_MSGSEND = YES;
				GCC_C_LANGUAGE_STANDARD = gnu11;
				GCC_NO_COMMON_BLOCKS = YES;
				GCC_WARN_64_TO_32_BIT_CONVERSION = YES;
				GCC_WARN_ABOUT_RETURN_TYPE = YES_ERROR;
				GCC_WARN_UNDECLARED_SELECTOR = YES;
				GCC_WARN_UNINITIALIZED_AUTOS = YES_AGGRESSIVE;
				GCC_WARN_UNUSED_FUNCTION = YES;
				GCC_WARN_UNUSED_VARIABLE = YES;
				IPHONEOS_DEPLOYMENT_TARGET = 16.1;
				MTL_ENABLE_DEBUG_INFO = NO;
				MTL_FAST_MATH = YES;
				SDKROOT = iphoneos;
				SWIFT_COMPILATION_MODE = wholemodule;
				SWIFT_OPTIMIZATION_LEVEL = "-O";
				VALIDATE_PRODUCT = YES;
			};
			name = Release;
		};
		B21A247E29360B3B00C056E5 /* Debug */ = {
			isa = XCBuildConfiguration;
			buildSettings = {
				ALWAYS_EMBED_SWIFT_STANDARD_LIBRARIES = YES;
				ASSETCATALOG_COMPILER_APPICON_NAME = AppIcon;
				ASSETCATALOG_COMPILER_GLOBAL_ACCENT_COLOR_NAME = AccentColor;
				CODE_SIGN_STYLE = Automatic;
				CURRENT_PROJECT_VERSION = 1;
				DEVELOPMENT_TEAM = 7ZYGH4G78Q;
				GENERATE_INFOPLIST_FILE = YES;
				INFOPLIST_FILE = Drukarnik/Info.plist;
				INFOPLIST_KEY_UIApplicationSupportsIndirectInputEvents = YES;
				INFOPLIST_KEY_UILaunchStoryboardName = LaunchScreen;
				INFOPLIST_KEY_UIMainStoryboardFile = Main;
				INFOPLIST_KEY_UISupportedInterfaceOrientations = UIInterfaceOrientationPortrait;
				INFOPLIST_KEY_UISupportedInterfaceOrientations_iPad = "UIInterfaceOrientationLandscapeLeft UIInterfaceOrientationLandscapeRight UIInterfaceOrientationPortrait UIInterfaceOrientationPortraitUpsideDown";
				LD_RUNPATH_SEARCH_PATHS = (
					"$(inherited)",
					"@executable_path/Frameworks",
				);
				MARKETING_VERSION = 1.0;
				PRODUCT_BUNDLE_IDENTIFIER = tmp.belanghelp.Drukarnik;
				PRODUCT_NAME = "$(TARGET_NAME)";
				SUPPORTED_PLATFORMS = "iphoneos iphonesimulator";
				SUPPORTS_MACCATALYST = NO;
				SUPPORTS_MAC_DESIGNED_FOR_IPHONE_IPAD = NO;
				SWIFT_EMIT_LOC_STRINGS = YES;
				SWIFT_VERSION = 5.0;
				TARGETED_DEVICE_FAMILY = "1,2";
			};
			name = Debug;
		};
		B21A247F29360B3B00C056E5 /* Release */ = {
			isa = XCBuildConfiguration;
			buildSettings = {
				ALWAYS_EMBED_SWIFT_STANDARD_LIBRARIES = YES;
				ASSETCATALOG_COMPILER_APPICON_NAME = AppIcon;
				ASSETCATALOG_COMPILER_GLOBAL_ACCENT_COLOR_NAME = AccentColor;
				CODE_SIGN_STYLE = Automatic;
				CURRENT_PROJECT_VERSION = 1;
				DEVELOPMENT_TEAM = 7ZYGH4G78Q;
				GENERATE_INFOPLIST_FILE = YES;
				INFOPLIST_FILE = Drukarnik/Info.plist;
				INFOPLIST_KEY_UIApplicationSupportsIndirectInputEvents = YES;
				INFOPLIST_KEY_UILaunchStoryboardName = LaunchScreen;
				INFOPLIST_KEY_UIMainStoryboardFile = Main;
				INFOPLIST_KEY_UISupportedInterfaceOrientations = UIInterfaceOrientationPortrait;
				INFOPLIST_KEY_UISupportedInterfaceOrientations_iPad = "UIInterfaceOrientationLandscapeLeft UIInterfaceOrientationLandscapeRight UIInterfaceOrientationPortrait UIInterfaceOrientationPortraitUpsideDown";
				LD_RUNPATH_SEARCH_PATHS = (
					"$(inherited)",
					"@executable_path/Frameworks",
				);
				MARKETING_VERSION = 1.0;
				PRODUCT_BUNDLE_IDENTIFIER = tmp.belanghelp.Drukarnik;
				PRODUCT_NAME = "$(TARGET_NAME)";
				SUPPORTED_PLATFORMS = "iphoneos iphonesimulator";
				SUPPORTS_MACCATALYST = NO;
				SUPPORTS_MAC_DESIGNED_FOR_IPHONE_IPAD = NO;
				SWIFT_EMIT_LOC_STRINGS = YES;
				SWIFT_VERSION = 5.0;
				TARGETED_DEVICE_FAMILY = "1,2";
			};
			name = Release;
		};
		B21A249029360C7700C056E5 /* Debug */ = {
			isa = XCBuildConfiguration;
			buildSettings = {
				CODE_SIGN_STYLE = Automatic;
				CURRENT_PROJECT_VERSION = 1;
				DEVELOPMENT_TEAM = 7ZYGH4G78Q;
				GENERATE_INFOPLIST_FILE = YES;
				INFOPLIST_FILE = Keyboard/Info.plist;
				INFOPLIST_KEY_CFBundleDisplayName = Keyboard;
				INFOPLIST_KEY_NSHumanReadableCopyright = "";
				LD_RUNPATH_SEARCH_PATHS = (
					"$(inherited)",
					"@executable_path/Frameworks",
					"@executable_path/../../Frameworks",
				);
				MARKETING_VERSION = 1.0;
				PRODUCT_BUNDLE_IDENTIFIER = tmp.belanghelp.Drukarnik.Keyboard;
				PRODUCT_NAME = "$(TARGET_NAME)";
				SKIP_INSTALL = YES;
				SWIFT_EMIT_LOC_STRINGS = YES;
				SWIFT_VERSION = 5.0;
				TARGETED_DEVICE_FAMILY = "1,2";
			};
			name = Debug;
		};
		B21A249129360C7700C056E5 /* Release */ = {
			isa = XCBuildConfiguration;
			buildSettings = {
				CODE_SIGN_STYLE = Automatic;
				CURRENT_PROJECT_VERSION = 1;
				DEVELOPMENT_TEAM = 7ZYGH4G78Q;
				GENERATE_INFOPLIST_FILE = YES;
				INFOPLIST_FILE = Keyboard/Info.plist;
				INFOPLIST_KEY_CFBundleDisplayName = Keyboard;
				INFOPLIST_KEY_NSHumanReadableCopyright = "";
				LD_RUNPATH_SEARCH_PATHS = (
					"$(inherited)",
					"@executable_path/Frameworks",
					"@executable_path/../../Frameworks",
				);
				MARKETING_VERSION = 1.0;
				PRODUCT_BUNDLE_IDENTIFIER = tmp.belanghelp.Drukarnik.Keyboard;
				PRODUCT_NAME = "$(TARGET_NAME)";
				SKIP_INSTALL = YES;
				SWIFT_EMIT_LOC_STRINGS = YES;
				SWIFT_VERSION = 5.0;
				TARGETED_DEVICE_FAMILY = "1,2";
			};
			name = Release;
		};
/* End XCBuildConfiguration section */

/* Begin XCConfigurationList section */
		B21A246429360B3600C056E5 /* Build configuration list for PBXProject "Drukarnik" */ = {
			isa = XCConfigurationList;
			buildConfigurations = (
				B21A247B29360B3B00C056E5 /* Debug */,
				B21A247C29360B3B00C056E5 /* Release */,
			);
			defaultConfigurationIsVisible = 0;
			defaultConfigurationName = Release;
		};
		B21A247D29360B3B00C056E5 /* Build configuration list for PBXNativeTarget "Drukarnik" */ = {
			isa = XCConfigurationList;
			buildConfigurations = (
				B21A247E29360B3B00C056E5 /* Debug */,
				B21A247F29360B3B00C056E5 /* Release */,
			);
			defaultConfigurationIsVisible = 0;
			defaultConfigurationName = Release;
		};
		B21A248F29360C7700C056E5 /* Build configuration list for PBXNativeTarget "Keyboard" */ = {
			isa = XCConfigurationList;
			buildConfigurations = (
				B21A249029360C7700C056E5 /* Debug */,
				B21A249129360C7700C056E5 /* Release */,
			);
			defaultConfigurationIsVisible = 0;
			defaultConfigurationName = Release;
		};
/* End XCConfigurationList section */

/* Begin XCRemoteSwiftPackageReference section */
		B22FC9EC29510C6900B31E4A /* XCRemoteSwiftPackageReference "belarusianlacinka" */ = {
			isa = XCRemoteSwiftPackageReference;
			repositoryURL = "https://github.com/pikoshyk/belarusianlacinka";
			requirement = {
				branch = main;
				kind = branch;
			};
		};
		B2AC43B32945F4BE00ACC32E /* XCRemoteSwiftPackageReference "KeyboardKit" */ = {
			isa = XCRemoteSwiftPackageReference;
			repositoryURL = "https://github.com/pikoshyk/KeyboardKit.git";
			requirement = {
				kind = upToNextMajorVersion;
				minimumVersion = 6.0.0;
			};
		};
		B2F8569D2952942800CADE71 /* XCRemoteSwiftPackageReference "KeyboardKit" */ = {
			isa = XCRemoteSwiftPackageReference;
			repositoryURL = "https://github.com/KeyboardKit/KeyboardKit.git";
			requirement = {
				kind = upToNextMinorVersion;
				minimumVersion = 6.9.2;
			};
		};
/* End XCRemoteSwiftPackageReference section */

/* Begin XCSwiftPackageProductDependency section */
		B2073D122945FC4B008B43E4 /* KeyboardKit */ = {
			isa = XCSwiftPackageProductDependency;
			package = B2AC43B32945F4BE00ACC32E /* XCRemoteSwiftPackageReference "KeyboardKit" */;
			productName = KeyboardKit;
		};
		B22FC9ED29510C6900B31E4A /* BelarusianLacinka */ = {
			isa = XCSwiftPackageProductDependency;
			package = B22FC9EC29510C6900B31E4A /* XCRemoteSwiftPackageReference "belarusianlacinka" */;
			productName = BelarusianLacinka;
		};
		B22FC9F129510FB900B31E4A /* BelarusianLacinka */ = {
			isa = XCSwiftPackageProductDependency;
			package = B22FC9EC29510C6900B31E4A /* XCRemoteSwiftPackageReference "belarusianlacinka" */;
			productName = BelarusianLacinka;
		};
		B2AC43AC2945F21400ACC32E /* KeyboardKit */ = {
			isa = XCSwiftPackageProductDependency;
			productName = KeyboardKit;
		};
		B2AC43B62945F4F100ACC32E /* KeyboardKit */ = {
			isa = XCSwiftPackageProductDependency;
			package = B2AC43B32945F4BE00ACC32E /* XCRemoteSwiftPackageReference "KeyboardKit" */;
			productName = KeyboardKit;
		};
		B2F8569E2952942800CADE71 /* KeyboardKit */ = {
			isa = XCSwiftPackageProductDependency;
			package = B2F8569D2952942800CADE71 /* XCRemoteSwiftPackageReference "KeyboardKit" */;
			productName = KeyboardKit;
		};
/* End XCSwiftPackageProductDependency section */
	};
	rootObject = B21A246129360B3600C056E5 /* Project object */;
}
