// !$*UTF8*$!
{
	archiveVersion = 1;
	classes = {
	};
	objectVersion = 60;
	objects = {

/* Begin PBXBuildFile section */
		B2073D0B2945F599008B43E4 /* AppDelegate.swift in Sources */ = {isa = PBXBuildFile; fileRef = B2073D042945F599008B43E4 /* AppDelegate.swift */; };
		B2073D0D2945F599008B43E4 /* SceneDelegate.swift in Sources */ = {isa = PBXBuildFile; fileRef = B2073D062945F599008B43E4 /* SceneDelegate.swift */; };
		B2073D0F2945F62C008B43E4 /* DKCyrillicLayoutProvider.swift in Sources */ = {isa = PBXBuildFile; fileRef = B2073D0E2945F62C008B43E4 /* DKCyrillicLayoutProvider.swift */; };
		B214A2952B210FA500388679 /* emoji.json in Resources */ = {isa = PBXBuildFile; fileRef = B214A2942B210FA500388679 /* emoji.json */; };
		B21A248A29360C7700C056E5 /* DKKeyboardViewController.swift in Sources */ = {isa = PBXBuildFile; fileRef = B21A248929360C7700C056E5 /* DKKeyboardViewController.swift */; };
		B21A248E29360C7700C056E5 /* Keyboard.appex in Embed Foundation Extensions */ = {isa = PBXBuildFile; fileRef = B21A248729360C7600C056E5 /* Keyboard.appex */; settings = {ATTRIBUTES = (RemoveHeadersOnCopy, ); }; };
		B21A2499293610EA00C056E5 /* DKKeyboardView.swift in Sources */ = {isa = PBXBuildFile; fileRef = B21A2498293610EA00C056E5 /* DKKeyboardView.swift */; };
		B227DE1F29993558001E29A7 /* KeyboardContext+FullText.swift in Sources */ = {isa = PBXBuildFile; fileRef = B227DE1E29993558001E29A7 /* KeyboardContext+FullText.swift */; };
		B22DC4D32979FB7000D9AC39 /* Installation.storyboard in Resources */ = {isa = PBXBuildFile; fileRef = B22DC4D22979FB7000D9AC39 /* Installation.storyboard */; };
		B22FC9E72950A90400B31E4A /* DKKeyboardAppearance.swift in Sources */ = {isa = PBXBuildFile; fileRef = B22FC9E62950A90400B31E4A /* DKKeyboardAppearance.swift */; };
		B22FC9E92950A94500B31E4A /* DKActionHandler.swift in Sources */ = {isa = PBXBuildFile; fileRef = B22FC9E82950A94400B31E4A /* DKActionHandler.swift */; };
		B22FC9EE29510C6900B31E4A /* BelarusianLacinka in Frameworks */ = {isa = PBXBuildFile; productRef = B22FC9ED29510C6900B31E4A /* BelarusianLacinka */; };
		B22FC9F029510CAD00B31E4A /* DKLocalizationKeyboard.swift in Sources */ = {isa = PBXBuildFile; fileRef = B22FC9EF29510CAD00B31E4A /* DKLocalizationKeyboard.swift */; };
		B22FC9F229510FB900B31E4A /* BelarusianLacinka in Frameworks */ = {isa = PBXBuildFile; productRef = B22FC9F129510FB900B31E4A /* BelarusianLacinka */; };
		B22FC9F42951A9F100B31E4A /* DKCalloutActionProvider.swift in Sources */ = {isa = PBXBuildFile; fileRef = B22FC9F32951A9F100B31E4A /* DKCalloutActionProvider.swift */; };
		B23571102B26A48D00784B63 /* DKEmojiAutocompleteProvider.swift in Sources */ = {isa = PBXBuildFile; fileRef = B235710F2B26A48D00784B63 /* DKEmojiAutocompleteProvider.swift */; };
		B23571122B26AB7400784B63 /* DKKeyboardViewModel.swift in Sources */ = {isa = PBXBuildFile; fileRef = B23571112B26AB7400784B63 /* DKKeyboardViewModel.swift */; };
		B247D3A62BDC81A70005C51D /* DKSettingsViewContoller.swift in Sources */ = {isa = PBXBuildFile; fileRef = B247D3A52BDC81A70005C51D /* DKSettingsViewContoller.swift */; };
		B247D3AA2BDC86A60005C51D /* Color+UIColor.swift in Sources */ = {isa = PBXBuildFile; fileRef = B247D3A92BDC86A60005C51D /* Color+UIColor.swift */; };
		B247D3AC2BDC8C4E0005C51D /* PrivacyInfo.xcprivacy in Resources */ = {isa = PBXBuildFile; fileRef = B247D3AB2BDC8C4E0005C51D /* PrivacyInfo.xcprivacy */; };
		B247D3AD2BDC8C4E0005C51D /* PrivacyInfo.xcprivacy in Resources */ = {isa = PBXBuildFile; fileRef = B247D3AB2BDC8C4E0005C51D /* PrivacyInfo.xcprivacy */; };
		B249D1A729905B0200668130 /* DKAutocompleteProvider.swift in Sources */ = {isa = PBXBuildFile; fileRef = B249D1A629905B0200668130 /* DKAutocompleteProvider.swift */; };
		B249D1A92990696400668130 /* DKKeyboardLayoutProvider.swift in Sources */ = {isa = PBXBuildFile; fileRef = B249D1A82990696400668130 /* DKKeyboardLayoutProvider.swift */; };
		B25887842B104DCD00AE499B /* DKKeyboardEmojiView.swift in Sources */ = {isa = PBXBuildFile; fileRef = B25887802B1046B900AE499B /* DKKeyboardEmojiView.swift */; };
		B25887852B104DD200AE499B /* DKKeyboardEmojiViewModel.swift in Sources */ = {isa = PBXBuildFile; fileRef = B25887822B1047D700AE499B /* DKKeyboardEmojiViewModel.swift */; };
		B25887862B10592000AE499B /* DKKeyboardEmojiView.swift in Sources */ = {isa = PBXBuildFile; fileRef = B25887802B1046B900AE499B /* DKKeyboardEmojiView.swift */; };
		B25887872B10592300AE499B /* DKKeyboardEmojiViewModel.swift in Sources */ = {isa = PBXBuildFile; fileRef = B25887822B1047D700AE499B /* DKKeyboardEmojiViewModel.swift */; };
		B25887892B114A2000AE499B /* DKKeyboardEmojiCollectionView.swift in Sources */ = {isa = PBXBuildFile; fileRef = B25887882B114A2000AE499B /* DKKeyboardEmojiCollectionView.swift */; };
		B25CEE6C2B02B89F00BD1B8A /* DKInstallationNavigationController.swift in Sources */ = {isa = PBXBuildFile; fileRef = B25CEE6B2B02B89F00BD1B8A /* DKInstallationNavigationController.swift */; };
		B25CEE6E2B02DBD400BD1B8A /* DKInstallationKeyboardViewController.swift in Sources */ = {isa = PBXBuildFile; fileRef = B25CEE6D2B02DBD400BD1B8A /* DKInstallationKeyboardViewController.swift */; };
		B25D3B8A2B0EEDAF0000924B /* DKSettingsLanguagesView.swift in Sources */ = {isa = PBXBuildFile; fileRef = B25D3B892B0EEDAF0000924B /* DKSettingsLanguagesView.swift */; };
		B25D3B8C2B0EEDEA0000924B /* DKSettingsLanguagesViewModel.swift in Sources */ = {isa = PBXBuildFile; fileRef = B25D3B8B2B0EEDEA0000924B /* DKSettingsLanguagesViewModel.swift */; };
		B262BD7B2B11BF9F0035C867 /* DKKeyboardEmojiCollectionView.swift in Sources */ = {isa = PBXBuildFile; fileRef = B25887882B114A2000AE499B /* DKKeyboardEmojiCollectionView.swift */; };
		B263A887293E01F70024242C /* DKCyrillicCalloutActionProvider.swift in Sources */ = {isa = PBXBuildFile; fileRef = B263A885293E01F70024242C /* DKCyrillicCalloutActionProvider.swift */; };
		B2723F412B11BC5100FCC53D /* DKKeyboardEmojiStackView.swift in Sources */ = {isa = PBXBuildFile; fileRef = B2723F402B11BC5100FCC53D /* DKKeyboardEmojiStackView.swift */; };
		B2723F422B11BC5100FCC53D /* DKKeyboardEmojiStackView.swift in Sources */ = {isa = PBXBuildFile; fileRef = B2723F402B11BC5100FCC53D /* DKKeyboardEmojiStackView.swift */; };
		B2723F442B11BC8B00FCC53D /* UIView+FixedSizeView.swift in Sources */ = {isa = PBXBuildFile; fileRef = B2723F432B11BC8B00FCC53D /* UIView+FixedSizeView.swift */; };
		B2723F452B11BC8B00FCC53D /* UIView+FixedSizeView.swift in Sources */ = {isa = PBXBuildFile; fileRef = B2723F432B11BC8B00FCC53D /* UIView+FixedSizeView.swift */; };
		B2723F472B11BCC200FCC53D /* DKKeyboardEmojiCollectionToolbarView.swift in Sources */ = {isa = PBXBuildFile; fileRef = B2723F462B11BCC200FCC53D /* DKKeyboardEmojiCollectionToolbarView.swift */; };
		B2723F482B11BCC200FCC53D /* DKKeyboardEmojiCollectionToolbarView.swift in Sources */ = {isa = PBXBuildFile; fileRef = B2723F462B11BCC200FCC53D /* DKKeyboardEmojiCollectionToolbarView.swift */; };
		B2723F4A2B11BCF000FCC53D /* DKKeyboardEmojiCollectionHeaderView.swift in Sources */ = {isa = PBXBuildFile; fileRef = B2723F492B11BCF000FCC53D /* DKKeyboardEmojiCollectionHeaderView.swift */; };
		B2723F4B2B11BCF000FCC53D /* DKKeyboardEmojiCollectionHeaderView.swift in Sources */ = {isa = PBXBuildFile; fileRef = B2723F492B11BCF000FCC53D /* DKKeyboardEmojiCollectionHeaderView.swift */; };
		B2723F4D2B11BD2C00FCC53D /* DKKeyboardEmojiCollectionViewCell.swift in Sources */ = {isa = PBXBuildFile; fileRef = B2723F4C2B11BD2C00FCC53D /* DKKeyboardEmojiCollectionViewCell.swift */; };
		B2723F4E2B11BD2C00FCC53D /* DKKeyboardEmojiCollectionViewCell.swift in Sources */ = {isa = PBXBuildFile; fileRef = B2723F4C2B11BD2C00FCC53D /* DKKeyboardEmojiCollectionViewCell.swift */; };
		B280E0AE2B2F73D20030F29F /* DKAppstoreReviewController.swift in Sources */ = {isa = PBXBuildFile; fileRef = B280E0AD2B2F73D20030F29F /* DKAppstoreReviewController.swift */; };
		B282B8F229812D4B001244DE /* UITextDocumentProxy+FullText.swift in Sources */ = {isa = PBXBuildFile; fileRef = B282B8F129812D4B001244DE /* UITextDocumentProxy+FullText.swift */; };
		B282B8F429812FB5001244DE /* AutocompleteSuggestion+FullText.swift in Sources */ = {isa = PBXBuildFile; fileRef = B282B8F329812FB5001244DE /* AutocompleteSuggestion+FullText.swift */; };
		B282B8F8298141AF001244DE /* DKAutocompleteProvider+Transliteration.swift in Sources */ = {isa = PBXBuildFile; fileRef = B282B8F7298141AF001244DE /* DKAutocompleteProvider+Transliteration.swift */; };
		B286DB9C2BDC39470006CA45 /* KDEmojiModel.swift in Sources */ = {isa = PBXBuildFile; fileRef = B286DB9B2BDC39470006CA45 /* KDEmojiModel.swift */; };
		B286DB9D2BDC3E550006CA45 /* KDEmojiModel.swift in Sources */ = {isa = PBXBuildFile; fileRef = B286DB9B2BDC39470006CA45 /* KDEmojiModel.swift */; };
		B28C524D2954519C0025D49A /* DKCyrillicAutocompleteProvider.swift in Sources */ = {isa = PBXBuildFile; fileRef = B28C524C2954519C0025D49A /* DKCyrillicAutocompleteProvider.swift */; };
		B28C524F295455DE0025D49A /* DKLatinAutocompleteProvider.swift in Sources */ = {isa = PBXBuildFile; fileRef = B28C524E295455DE0025D49A /* DKLatinAutocompleteProvider.swift */; };
		B28C525E295625C90025D49A /* UIColor+Tools.swift in Sources */ = {isa = PBXBuildFile; fileRef = B28C525C295625C90025D49A /* UIColor+Tools.swift */; };
		B28C525F295625C90025D49A /* NSAttributedString+Tools.swift in Sources */ = {isa = PBXBuildFile; fileRef = B28C525D295625C90025D49A /* NSAttributedString+Tools.swift */; };
		B297601029ED7F5400FB5320 /* DKInstallationSharingDataViewController.swift in Sources */ = {isa = PBXBuildFile; fileRef = B297600F29ED7F5400FB5320 /* DKInstallationSharingDataViewController.swift */; };
		B299F70529908CBF00D6650A /* DKConverterOptionsTableViewCell.swift in Sources */ = {isa = PBXBuildFile; fileRef = B299F70429908CBF00D6650A /* DKConverterOptionsTableViewCell.swift */; };
		B299F7072990901300D6650A /* DKConverterGrowingTableViewCell.swift in Sources */ = {isa = PBXBuildFile; fileRef = B299F7062990901300D6650A /* DKConverterGrowingTableViewCell.swift */; };
		B29B0C322B0D4827003CA8A5 /* DKSettingsView.swift in Sources */ = {isa = PBXBuildFile; fileRef = B29B0C312B0D4827003CA8A5 /* DKSettingsView.swift */; };
		B29B0C342B0D6E16003CA8A5 /* DKSettingsViewModel.swift in Sources */ = {isa = PBXBuildFile; fileRef = B29B0C332B0D6E16003CA8A5 /* DKSettingsViewModel.swift */; };
		B29B0C362B0D71C4003CA8A5 /* DKSettingsCellView.swift in Sources */ = {isa = PBXBuildFile; fileRef = B29B0C352B0D71C4003CA8A5 /* DKSettingsCellView.swift */; };
		B2AC43AD2945F21400ACC32E /* KeyboardKit in Frameworks */ = {isa = PBXBuildFile; productRef = B2AC43AC2945F21400ACC32E /* KeyboardKit */; };
		B2AF577D294FECD500E7CF2F /* DKLatinCalloutActionProvider.swift in Sources */ = {isa = PBXBuildFile; fileRef = B2AF577C294FECD500E7CF2F /* DKLatinCalloutActionProvider.swift */; };
		B2AF577F294FEE4200E7CF2F /* DKLatinLayoutProvider.swift in Sources */ = {isa = PBXBuildFile; fileRef = B2AF577E294FEE4200E7CF2F /* DKLatinLayoutProvider.swift */; };
		B2B2092D29796D0400D4D5DC /* DKInstallationDescriptionViewController.swift in Sources */ = {isa = PBXBuildFile; fileRef = B2B2092C29796D0400D4D5DC /* DKInstallationDescriptionViewController.swift */; };
		B2B2093429796D7F00D4D5DC /* Assets.xcassets in Resources */ = {isa = PBXBuildFile; fileRef = B2B2093029796D7F00D4D5DC /* Assets.xcassets */; };
		B2B2093529796D7F00D4D5DC /* Main.storyboard in Resources */ = {isa = PBXBuildFile; fileRef = B2B2093129796D7F00D4D5DC /* Main.storyboard */; };
		B2B2093729796D8600D4D5DC /* Assets.xcassets in Resources */ = {isa = PBXBuildFile; fileRef = B2B2093029796D7F00D4D5DC /* Assets.xcassets */; };
		B2B2093A29796F0F00D4D5DC /* DKAboutViewController.swift in Sources */ = {isa = PBXBuildFile; fileRef = B2B2093929796F0F00D4D5DC /* DKAboutViewController.swift */; };
		B2B2094129796F3000D4D5DC /* BLBelarusianTransliterationChoiceViewController.xib in Resources */ = {isa = PBXBuildFile; fileRef = B2B2093F29796F3000D4D5DC /* BLBelarusianTransliterationChoiceViewController.xib */; };
		B2B2094229796F3000D4D5DC /* BLBelarusianTransliterationChoiceViewController.swift in Sources */ = {isa = PBXBuildFile; fileRef = B2B2094029796F3000D4D5DC /* BLBelarusianTransliterationChoiceViewController.swift */; };
		B2B2094529796F8300D4D5DC /* DKLocalizationApp.swift in Sources */ = {isa = PBXBuildFile; fileRef = B2B2094429796F8300D4D5DC /* DKLocalizationApp.swift */; };
		B2B35510295662EC0006B8B1 /* CALayer+Tools.swift in Sources */ = {isa = PBXBuildFile; fileRef = B2B3550F295662EC0006B8B1 /* CALayer+Tools.swift */; };
		B2B9756A297B52A800ED68D2 /* additional_languages.json in Resources */ = {isa = PBXBuildFile; fileRef = B2B97569297B52A800ED68D2 /* additional_languages.json */; };
		B2B9756B297B52A800ED68D2 /* additional_languages.json in Resources */ = {isa = PBXBuildFile; fileRef = B2B97569297B52A800ED68D2 /* additional_languages.json */; };
		B2C25E8329D499E7002B3229 /* KeyboardLayout+Buttons.swift in Sources */ = {isa = PBXBuildFile; fileRef = B2C25E8229D499E7002B3229 /* KeyboardLayout+Buttons.swift */; };
		B2C4D80329D25374006FFCAA /* DKAutocompleteToolbar.swift in Sources */ = {isa = PBXBuildFile; fileRef = B2C4D80229D25374006FFCAA /* DKAutocompleteToolbar.swift */; };
		B2DDCF50298C769500902EE6 /* DKTabBarController.swift in Sources */ = {isa = PBXBuildFile; fileRef = B2DDCF4F298C769500902EE6 /* DKTabBarController.swift */; };
		B2DDCF52298C779500902EE6 /* DKConverterTableViewController.swift in Sources */ = {isa = PBXBuildFile; fileRef = B2DDCF51298C779400902EE6 /* DKConverterTableViewController.swift */; };
		B2E41D072BDC8F77009429BF /* DKAboutView.swift in Sources */ = {isa = PBXBuildFile; fileRef = B2E41D062BDC8F77009429BF /* DKAboutView.swift */; };
		B2E41D092BDC8F81009429BF /* DKAboutViewModel.swift in Sources */ = {isa = PBXBuildFile; fileRef = B2E41D082BDC8F81009429BF /* DKAboutViewModel.swift */; };
		B2E41D0D2BE0BC95009429BF /* View+NavigationBackButton.swift in Sources */ = {isa = PBXBuildFile; fileRef = B2E41D0C2BE0BC95009429BF /* View+NavigationBackButton.swift */; };
		B2E41D0F2BE0BDAD009429BF /* DKKeyboardSettingsKeys.swift in Sources */ = {isa = PBXBuildFile; fileRef = B2E41D0E2BE0BDAD009429BF /* DKKeyboardSettingsKeys.swift */; };
		B2E41D112BE0BDC6009429BF /* Notification+Settings.swift in Sources */ = {isa = PBXBuildFile; fileRef = B2E41D102BE0BDC6009429BF /* Notification+Settings.swift */; };
		B2E41D132BE0BDF1009429BF /* DKKeyboardLayout.swift in Sources */ = {isa = PBXBuildFile; fileRef = B2E41D122BE0BDF1009429BF /* DKKeyboardLayout.swift */; };
		B2E41D142BE0BE11009429BF /* DKKeyboardLayout.swift in Sources */ = {isa = PBXBuildFile; fileRef = B2E41D122BE0BDF1009429BF /* DKKeyboardLayout.swift */; };
		B2E41D152BE0BE34009429BF /* DKKeyboardSettingsKeys.swift in Sources */ = {isa = PBXBuildFile; fileRef = B2E41D0E2BE0BDAD009429BF /* DKKeyboardSettingsKeys.swift */; };
		B2E41D162BE0BF1A009429BF /* Notification+Settings.swift in Sources */ = {isa = PBXBuildFile; fileRef = B2E41D102BE0BDC6009429BF /* Notification+Settings.swift */; };
		B2E6875A297F3723005C31B9 /* DKKeyboardSettings.swift in Sources */ = {isa = PBXBuildFile; fileRef = B2E68759297F3723005C31B9 /* DKKeyboardSettings.swift */; };
		B2E6875B297F3723005C31B9 /* DKKeyboardSettings.swift in Sources */ = {isa = PBXBuildFile; fileRef = B2E68759297F3723005C31B9 /* DKKeyboardSettings.swift */; };
		B2E68761297F37B2005C31B9 /* DKAdditionalLanguages.swift in Sources */ = {isa = PBXBuildFile; fileRef = B2E68760297F37B2005C31B9 /* DKAdditionalLanguages.swift */; };
		B2E68762297F37B2005C31B9 /* DKAdditionalLanguages.swift in Sources */ = {isa = PBXBuildFile; fileRef = B2E68760297F37B2005C31B9 /* DKAdditionalLanguages.swift */; };
		B2E68764297F37D1005C31B9 /* DKAdditionalLanguage.swift in Sources */ = {isa = PBXBuildFile; fileRef = B2E68763297F37D1005C31B9 /* DKAdditionalLanguage.swift */; };
		B2E68765297F37D1005C31B9 /* DKAdditionalLanguage.swift in Sources */ = {isa = PBXBuildFile; fileRef = B2E68763297F37D1005C31B9 /* DKAdditionalLanguage.swift */; };
		B2E68767297F4174005C31B9 /* DKAdditionalLanguage+Localization.swift in Sources */ = {isa = PBXBuildFile; fileRef = B2E68766297F4174005C31B9 /* DKAdditionalLanguage+Localization.swift */; };
		B2F1F03E2B115F0D0043AAA7 /* DKKeyboardEmoji.storyboard in Resources */ = {isa = PBXBuildFile; fileRef = B2F1F03C2B115E5A0043AAA7 /* DKKeyboardEmoji.storyboard */; };
		B2F8569F2952942800CADE71 /* KeyboardKit in Frameworks */ = {isa = PBXBuildFile; productRef = B2F8569E2952942800CADE71 /* KeyboardKit */; };
/* End PBXBuildFile section */

/* Begin PBXContainerItemProxy section */
		B21A248C29360C7700C056E5 /* PBXContainerItemProxy */ = {
			isa = PBXContainerItemProxy;
			containerPortal = B21A246129360B3600C056E5 /* Project object */;
			proxyType = 1;
			remoteGlobalIDString = B21A248629360C7600C056E5;
			remoteInfo = Keyboard;
		};
/* End PBXContainerItemProxy section */

/* Begin PBXCopyFilesBuildPhase section */
		B21A249229360C7700C056E5 /* Embed Foundation Extensions */ = {
			isa = PBXCopyFilesBuildPhase;
			buildActionMask = 2147483647;
			dstPath = "";
			dstSubfolderSpec = 13;
			files = (
				B21A248E29360C7700C056E5 /* Keyboard.appex in Embed Foundation Extensions */,
			);
			name = "Embed Foundation Extensions";
			runOnlyForDeploymentPostprocessing = 0;
		};
/* End PBXCopyFilesBuildPhase section */

/* Begin PBXFileReference section */
		B202A5202989975600E5F57A /* DrukarnikDebug.entitlements */ = {isa = PBXFileReference; lastKnownFileType = text.plist.entitlements; path = DrukarnikDebug.entitlements; sourceTree = "<group>"; };
		B2073D042945F599008B43E4 /* AppDelegate.swift */ = {isa = PBXFileReference; fileEncoding = 4; lastKnownFileType = sourcecode.swift; path = AppDelegate.swift; sourceTree = "<group>"; };
		B2073D062945F599008B43E4 /* SceneDelegate.swift */ = {isa = PBXFileReference; fileEncoding = 4; lastKnownFileType = sourcecode.swift; path = SceneDelegate.swift; sourceTree = "<group>"; };
		B2073D0E2945F62C008B43E4 /* DKCyrillicLayoutProvider.swift */ = {isa = PBXFileReference; lastKnownFileType = sourcecode.swift; path = DKCyrillicLayoutProvider.swift; sourceTree = "<group>"; };
		B214A2942B210FA500388679 /* emoji.json */ = {isa = PBXFileReference; fileEncoding = 10; lastKnownFileType = text.json; lineEnding = 0; path = emoji.json; sourceTree = "<group>"; };
		B21A246929360B3600C056E5 /* Drukarnik.app */ = {isa = PBXFileReference; explicitFileType = wrapper.application; includeInIndex = 0; path = Drukarnik.app; sourceTree = BUILT_PRODUCTS_DIR; };
		B21A248729360C7600C056E5 /* Keyboard.appex */ = {isa = PBXFileReference; explicitFileType = "wrapper.app-extension"; includeInIndex = 0; path = Keyboard.appex; sourceTree = BUILT_PRODUCTS_DIR; };
		B21A248929360C7700C056E5 /* DKKeyboardViewController.swift */ = {isa = PBXFileReference; lastKnownFileType = sourcecode.swift; path = DKKeyboardViewController.swift; sourceTree = "<group>"; };
		B21A248B29360C7700C056E5 /* Info.plist */ = {isa = PBXFileReference; lastKnownFileType = text.plist.xml; path = Info.plist; sourceTree = "<group>"; };
		B21A2498293610EA00C056E5 /* DKKeyboardView.swift */ = {isa = PBXFileReference; lastKnownFileType = sourcecode.swift; path = DKKeyboardView.swift; sourceTree = "<group>"; };
		B227DE1E29993558001E29A7 /* KeyboardContext+FullText.swift */ = {isa = PBXFileReference; lastKnownFileType = sourcecode.swift; path = "KeyboardContext+FullText.swift"; sourceTree = "<group>"; };
		B22DC4D22979FB7000D9AC39 /* Installation.storyboard */ = {isa = PBXFileReference; lastKnownFileType = file.storyboard; path = Installation.storyboard; sourceTree = "<group>"; };
		B22FC9E62950A90400B31E4A /* DKKeyboardAppearance.swift */ = {isa = PBXFileReference; fileEncoding = 4; lastKnownFileType = sourcecode.swift; path = DKKeyboardAppearance.swift; sourceTree = "<group>"; };
		B22FC9E82950A94400B31E4A /* DKActionHandler.swift */ = {isa = PBXFileReference; fileEncoding = 4; lastKnownFileType = sourcecode.swift; path = DKActionHandler.swift; sourceTree = "<group>"; };
		B22FC9EF29510CAD00B31E4A /* DKLocalizationKeyboard.swift */ = {isa = PBXFileReference; lastKnownFileType = sourcecode.swift; path = DKLocalizationKeyboard.swift; sourceTree = "<group>"; };
		B22FC9F32951A9F100B31E4A /* DKCalloutActionProvider.swift */ = {isa = PBXFileReference; lastKnownFileType = sourcecode.swift; path = DKCalloutActionProvider.swift; sourceTree = "<group>"; };
		B235710F2B26A48D00784B63 /* DKEmojiAutocompleteProvider.swift */ = {isa = PBXFileReference; lastKnownFileType = sourcecode.swift; path = DKEmojiAutocompleteProvider.swift; sourceTree = "<group>"; };
		B23571112B26AB7400784B63 /* DKKeyboardViewModel.swift */ = {isa = PBXFileReference; lastKnownFileType = sourcecode.swift; path = DKKeyboardViewModel.swift; sourceTree = "<group>"; };
		B247D3A52BDC81A70005C51D /* DKSettingsViewContoller.swift */ = {isa = PBXFileReference; lastKnownFileType = sourcecode.swift; path = DKSettingsViewContoller.swift; sourceTree = "<group>"; };
		B247D3A92BDC86A60005C51D /* Color+UIColor.swift */ = {isa = PBXFileReference; lastKnownFileType = sourcecode.swift; path = "Color+UIColor.swift"; sourceTree = "<group>"; };
		B247D3AB2BDC8C4E0005C51D /* PrivacyInfo.xcprivacy */ = {isa = PBXFileReference; fileEncoding = 4; lastKnownFileType = text.xml; path = PrivacyInfo.xcprivacy; sourceTree = "<group>"; };
		B249D1A629905B0200668130 /* DKAutocompleteProvider.swift */ = {isa = PBXFileReference; lastKnownFileType = sourcecode.swift; path = DKAutocompleteProvider.swift; sourceTree = "<group>"; };
		B249D1A82990696400668130 /* DKKeyboardLayoutProvider.swift */ = {isa = PBXFileReference; lastKnownFileType = sourcecode.swift; path = DKKeyboardLayoutProvider.swift; sourceTree = "<group>"; };
		B25887802B1046B900AE499B /* DKKeyboardEmojiView.swift */ = {isa = PBXFileReference; lastKnownFileType = sourcecode.swift; path = DKKeyboardEmojiView.swift; sourceTree = "<group>"; };
		B25887822B1047D700AE499B /* DKKeyboardEmojiViewModel.swift */ = {isa = PBXFileReference; lastKnownFileType = sourcecode.swift; path = DKKeyboardEmojiViewModel.swift; sourceTree = "<group>"; };
		B25887882B114A2000AE499B /* DKKeyboardEmojiCollectionView.swift */ = {isa = PBXFileReference; lastKnownFileType = sourcecode.swift; path = DKKeyboardEmojiCollectionView.swift; sourceTree = "<group>"; };
		B25CEE6B2B02B89F00BD1B8A /* DKInstallationNavigationController.swift */ = {isa = PBXFileReference; lastKnownFileType = sourcecode.swift; path = DKInstallationNavigationController.swift; sourceTree = "<group>"; };
		B25CEE6D2B02DBD400BD1B8A /* DKInstallationKeyboardViewController.swift */ = {isa = PBXFileReference; lastKnownFileType = sourcecode.swift; path = DKInstallationKeyboardViewController.swift; sourceTree = "<group>"; };
		B25D3B892B0EEDAF0000924B /* DKSettingsLanguagesView.swift */ = {isa = PBXFileReference; lastKnownFileType = sourcecode.swift; path = DKSettingsLanguagesView.swift; sourceTree = "<group>"; };
		B25D3B8B2B0EEDEA0000924B /* DKSettingsLanguagesViewModel.swift */ = {isa = PBXFileReference; lastKnownFileType = sourcecode.swift; path = DKSettingsLanguagesViewModel.swift; sourceTree = "<group>"; };
		B263A885293E01F70024242C /* DKCyrillicCalloutActionProvider.swift */ = {isa = PBXFileReference; fileEncoding = 4; lastKnownFileType = sourcecode.swift; path = DKCyrillicCalloutActionProvider.swift; sourceTree = "<group>"; };
		B2723F402B11BC5100FCC53D /* DKKeyboardEmojiStackView.swift */ = {isa = PBXFileReference; lastKnownFileType = sourcecode.swift; path = DKKeyboardEmojiStackView.swift; sourceTree = "<group>"; };
		B2723F432B11BC8B00FCC53D /* UIView+FixedSizeView.swift */ = {isa = PBXFileReference; lastKnownFileType = sourcecode.swift; path = "UIView+FixedSizeView.swift"; sourceTree = "<group>"; };
		B2723F462B11BCC200FCC53D /* DKKeyboardEmojiCollectionToolbarView.swift */ = {isa = PBXFileReference; lastKnownFileType = sourcecode.swift; path = DKKeyboardEmojiCollectionToolbarView.swift; sourceTree = "<group>"; };
		B2723F492B11BCF000FCC53D /* DKKeyboardEmojiCollectionHeaderView.swift */ = {isa = PBXFileReference; lastKnownFileType = sourcecode.swift; path = DKKeyboardEmojiCollectionHeaderView.swift; sourceTree = "<group>"; };
		B2723F4C2B11BD2C00FCC53D /* DKKeyboardEmojiCollectionViewCell.swift */ = {isa = PBXFileReference; lastKnownFileType = sourcecode.swift; path = DKKeyboardEmojiCollectionViewCell.swift; sourceTree = "<group>"; };
		B280E0AD2B2F73D20030F29F /* DKAppstoreReviewController.swift */ = {isa = PBXFileReference; lastKnownFileType = sourcecode.swift; path = DKAppstoreReviewController.swift; sourceTree = "<group>"; };
		B282B8F129812D4B001244DE /* UITextDocumentProxy+FullText.swift */ = {isa = PBXFileReference; lastKnownFileType = sourcecode.swift; path = "UITextDocumentProxy+FullText.swift"; sourceTree = "<group>"; };
		B282B8F329812FB5001244DE /* AutocompleteSuggestion+FullText.swift */ = {isa = PBXFileReference; lastKnownFileType = sourcecode.swift; path = "AutocompleteSuggestion+FullText.swift"; sourceTree = "<group>"; };
		B282B8F7298141AF001244DE /* DKAutocompleteProvider+Transliteration.swift */ = {isa = PBXFileReference; lastKnownFileType = sourcecode.swift; path = "DKAutocompleteProvider+Transliteration.swift"; sourceTree = "<group>"; };
		B286DB9B2BDC39470006CA45 /* KDEmojiModel.swift */ = {isa = PBXFileReference; lastKnownFileType = sourcecode.swift; path = KDEmojiModel.swift; sourceTree = "<group>"; };
		B28C524C2954519C0025D49A /* DKCyrillicAutocompleteProvider.swift */ = {isa = PBXFileReference; lastKnownFileType = sourcecode.swift; path = DKCyrillicAutocompleteProvider.swift; sourceTree = "<group>"; };
		B28C524E295455DE0025D49A /* DKLatinAutocompleteProvider.swift */ = {isa = PBXFileReference; lastKnownFileType = sourcecode.swift; path = DKLatinAutocompleteProvider.swift; sourceTree = "<group>"; };
		B28C525C295625C90025D49A /* UIColor+Tools.swift */ = {isa = PBXFileReference; fileEncoding = 4; lastKnownFileType = sourcecode.swift; path = "UIColor+Tools.swift"; sourceTree = "<group>"; };
		B28C525D295625C90025D49A /* NSAttributedString+Tools.swift */ = {isa = PBXFileReference; fileEncoding = 4; lastKnownFileType = sourcecode.swift; path = "NSAttributedString+Tools.swift"; sourceTree = "<group>"; };
		B297600F29ED7F5400FB5320 /* DKInstallationSharingDataViewController.swift */ = {isa = PBXFileReference; lastKnownFileType = sourcecode.swift; path = DKInstallationSharingDataViewController.swift; sourceTree = "<group>"; };
		B299F70429908CBF00D6650A /* DKConverterOptionsTableViewCell.swift */ = {isa = PBXFileReference; lastKnownFileType = sourcecode.swift; path = DKConverterOptionsTableViewCell.swift; sourceTree = "<group>"; };
		B299F7062990901300D6650A /* DKConverterGrowingTableViewCell.swift */ = {isa = PBXFileReference; lastKnownFileType = sourcecode.swift; path = DKConverterGrowingTableViewCell.swift; sourceTree = "<group>"; };
		B29B0C312B0D4827003CA8A5 /* DKSettingsView.swift */ = {isa = PBXFileReference; lastKnownFileType = sourcecode.swift; path = DKSettingsView.swift; sourceTree = "<group>"; };
		B29B0C332B0D6E16003CA8A5 /* DKSettingsViewModel.swift */ = {isa = PBXFileReference; lastKnownFileType = sourcecode.swift; path = DKSettingsViewModel.swift; sourceTree = "<group>"; };
		B29B0C352B0D71C4003CA8A5 /* DKSettingsCellView.swift */ = {isa = PBXFileReference; lastKnownFileType = sourcecode.swift; path = DKSettingsCellView.swift; sourceTree = "<group>"; };
		B2AF577C294FECD500E7CF2F /* DKLatinCalloutActionProvider.swift */ = {isa = PBXFileReference; fileEncoding = 4; lastKnownFileType = sourcecode.swift; path = DKLatinCalloutActionProvider.swift; sourceTree = "<group>"; };
		B2AF577E294FEE4200E7CF2F /* DKLatinLayoutProvider.swift */ = {isa = PBXFileReference; fileEncoding = 4; lastKnownFileType = sourcecode.swift; path = DKLatinLayoutProvider.swift; sourceTree = "<group>"; };
		B2B2092C29796D0400D4D5DC /* DKInstallationDescriptionViewController.swift */ = {isa = PBXFileReference; fileEncoding = 4; lastKnownFileType = sourcecode.swift; path = DKInstallationDescriptionViewController.swift; sourceTree = "<group>"; };
		B2B2093029796D7F00D4D5DC /* Assets.xcassets */ = {isa = PBXFileReference; lastKnownFileType = folder.assetcatalog; path = Assets.xcassets; sourceTree = "<group>"; };
		B2B2093129796D7F00D4D5DC /* Main.storyboard */ = {isa = PBXFileReference; fileEncoding = 4; lastKnownFileType = file.storyboard; path = Main.storyboard; sourceTree = "<group>"; };
		B2B2093229796D7F00D4D5DC /* Info.plist */ = {isa = PBXFileReference; fileEncoding = 4; lastKnownFileType = text.plist.xml; path = Info.plist; sourceTree = "<group>"; };
		B2B2093929796F0F00D4D5DC /* DKAboutViewController.swift */ = {isa = PBXFileReference; fileEncoding = 4; lastKnownFileType = sourcecode.swift; path = DKAboutViewController.swift; sourceTree = "<group>"; };
		B2B2093F29796F3000D4D5DC /* BLBelarusianTransliterationChoiceViewController.xib */ = {isa = PBXFileReference; fileEncoding = 4; lastKnownFileType = file.xib; path = BLBelarusianTransliterationChoiceViewController.xib; sourceTree = "<group>"; };
		B2B2094029796F3000D4D5DC /* BLBelarusianTransliterationChoiceViewController.swift */ = {isa = PBXFileReference; fileEncoding = 4; lastKnownFileType = sourcecode.swift; path = BLBelarusianTransliterationChoiceViewController.swift; sourceTree = "<group>"; };
		B2B2094429796F8300D4D5DC /* DKLocalizationApp.swift */ = {isa = PBXFileReference; fileEncoding = 4; lastKnownFileType = sourcecode.swift; path = DKLocalizationApp.swift; sourceTree = "<group>"; };
		B2B3550F295662EC0006B8B1 /* CALayer+Tools.swift */ = {isa = PBXFileReference; lastKnownFileType = sourcecode.swift; path = "CALayer+Tools.swift"; sourceTree = "<group>"; };
		B2B97569297B52A800ED68D2 /* additional_languages.json */ = {isa = PBXFileReference; lastKnownFileType = text.json; path = additional_languages.json; sourceTree = "<group>"; };
		B2C25E8229D499E7002B3229 /* KeyboardLayout+Buttons.swift */ = {isa = PBXFileReference; lastKnownFileType = sourcecode.swift; path = "KeyboardLayout+Buttons.swift"; sourceTree = "<group>"; };
		B2C4D80229D25374006FFCAA /* DKAutocompleteToolbar.swift */ = {isa = PBXFileReference; fileEncoding = 4; lastKnownFileType = sourcecode.swift; path = DKAutocompleteToolbar.swift; sourceTree = "<group>"; };
		B2DDCF4829899BF700902EE6 /* DrukarnikRelease.entitlements */ = {isa = PBXFileReference; lastKnownFileType = text.plist.entitlements; path = DrukarnikRelease.entitlements; sourceTree = "<group>"; };
		B2DDCF4929899D1700902EE6 /* KeyboardDebug.entitlements */ = {isa = PBXFileReference; lastKnownFileType = text.plist.entitlements; path = KeyboardDebug.entitlements; sourceTree = "<group>"; };
		B2DDCF4A29899D3600902EE6 /* KeyboardRelease.entitlements */ = {isa = PBXFileReference; lastKnownFileType = text.plist.entitlements; path = KeyboardRelease.entitlements; sourceTree = "<group>"; };
		B2DDCF4F298C769500902EE6 /* DKTabBarController.swift */ = {isa = PBXFileReference; lastKnownFileType = sourcecode.swift; path = DKTabBarController.swift; sourceTree = "<group>"; };
		B2DDCF51298C779400902EE6 /* DKConverterTableViewController.swift */ = {isa = PBXFileReference; lastKnownFileType = sourcecode.swift; path = DKConverterTableViewController.swift; sourceTree = "<group>"; };
		B2E41D062BDC8F77009429BF /* DKAboutView.swift */ = {isa = PBXFileReference; lastKnownFileType = sourcecode.swift; path = DKAboutView.swift; sourceTree = "<group>"; };
		B2E41D082BDC8F81009429BF /* DKAboutViewModel.swift */ = {isa = PBXFileReference; lastKnownFileType = sourcecode.swift; path = DKAboutViewModel.swift; sourceTree = "<group>"; };
		B2E41D0C2BE0BC95009429BF /* View+NavigationBackButton.swift */ = {isa = PBXFileReference; lastKnownFileType = sourcecode.swift; path = "View+NavigationBackButton.swift"; sourceTree = "<group>"; };
		B2E41D0E2BE0BDAD009429BF /* DKKeyboardSettingsKeys.swift */ = {isa = PBXFileReference; lastKnownFileType = sourcecode.swift; path = DKKeyboardSettingsKeys.swift; sourceTree = "<group>"; };
		B2E41D102BE0BDC6009429BF /* Notification+Settings.swift */ = {isa = PBXFileReference; lastKnownFileType = sourcecode.swift; path = "Notification+Settings.swift"; sourceTree = "<group>"; };
		B2E41D122BE0BDF1009429BF /* DKKeyboardLayout.swift */ = {isa = PBXFileReference; lastKnownFileType = sourcecode.swift; path = DKKeyboardLayout.swift; sourceTree = "<group>"; };
		B2E68759297F3723005C31B9 /* DKKeyboardSettings.swift */ = {isa = PBXFileReference; fileEncoding = 4; lastKnownFileType = sourcecode.swift; path = DKKeyboardSettings.swift; sourceTree = "<group>"; };
		B2E68760297F37B2005C31B9 /* DKAdditionalLanguages.swift */ = {isa = PBXFileReference; fileEncoding = 4; lastKnownFileType = sourcecode.swift; path = DKAdditionalLanguages.swift; sourceTree = "<group>"; };
		B2E68763297F37D1005C31B9 /* DKAdditionalLanguage.swift */ = {isa = PBXFileReference; lastKnownFileType = sourcecode.swift; path = DKAdditionalLanguage.swift; sourceTree = "<group>"; };
		B2E68766297F4174005C31B9 /* DKAdditionalLanguage+Localization.swift */ = {isa = PBXFileReference; lastKnownFileType = sourcecode.swift; path = "DKAdditionalLanguage+Localization.swift"; sourceTree = "<group>"; };
		B2F1F03C2B115E5A0043AAA7 /* DKKeyboardEmoji.storyboard */ = {isa = PBXFileReference; lastKnownFileType = file.storyboard; path = DKKeyboardEmoji.storyboard; sourceTree = "<group>"; };
/* End PBXFileReference section */

/* Begin PBXFrameworksBuildPhase section */
		B21A246629360B3600C056E5 /* Frameworks */ = {
			isa = PBXFrameworksBuildPhase;
			buildActionMask = 2147483647;
			files = (
				B2F8569F2952942800CADE71 /* KeyboardKit in Frameworks */,
				B22FC9EE29510C6900B31E4A /* BelarusianLacinka in Frameworks */,
			);
			runOnlyForDeploymentPostprocessing = 0;
		};
		B21A248429360C7600C056E5 /* Frameworks */ = {
			isa = PBXFrameworksBuildPhase;
			buildActionMask = 2147483647;
			files = (
				B22FC9F229510FB900B31E4A /* BelarusianLacinka in Frameworks */,
				B2AC43AD2945F21400ACC32E /* KeyboardKit in Frameworks */,
			);
			runOnlyForDeploymentPostprocessing = 0;
		};
/* End PBXFrameworksBuildPhase section */

/* Begin PBXGroup section */
		B2073CFD2945F599008B43E4 /* Drukarnik */ = {
			isa = PBXGroup;
			children = (
				B247D3A82BDC86930005C51D /* Extensions */,
				B2B2094329796F8300D4D5DC /* Localization */,
				B2E68758297F36F3005C31B9 /* Settings */,
				B280E0AA2B2F73720030F29F /* Controllers */,
				B2B2093829796F0F00D4D5DC /* ScreenAbout */,
				B2B2093B29796F2300D4D5DC /* ScreenSettings */,
				B2B2092B29796D0400D4D5DC /* ScreenInstallation */,
				B2B2093E29796F3000D4D5DC /* ScreenTransliteration */,
				B2DDCF4D298C6FC500902EE6 /* ScreenConvertor */,
				B2DDCF4E298C762800902EE6 /* ScreeenTabs */,
				B28C525B295625C90025D49A /* Categories */,
				B2B2092E29796D7F00D4D5DC /* Resources */,
				B2073D042945F599008B43E4 /* AppDelegate.swift */,
				B2073D062945F599008B43E4 /* SceneDelegate.swift */,
				B247D3AB2BDC8C4E0005C51D /* PrivacyInfo.xcprivacy */,
				B2DDCF4829899BF700902EE6 /* DrukarnikRelease.entitlements */,
				B202A5202989975600E5F57A /* DrukarnikDebug.entitlements */,
			);
			path = Drukarnik;
			sourceTree = SOURCE_ROOT;
		};
		B21A246029360B3600C056E5 = {
			isa = PBXGroup;
			children = (
				B2073CFD2945F599008B43E4 /* Drukarnik */,
				B21A248829360C7700C056E5 /* Keyboard */,
				B21A246A29360B3600C056E5 /* Products */,
				B21A249329360CB000C056E5 /* Frameworks */,
			);
			sourceTree = "<group>";
		};
		B21A246A29360B3600C056E5 /* Products */ = {
			isa = PBXGroup;
			children = (
				B21A246929360B3600C056E5 /* Drukarnik.app */,
				B21A248729360C7600C056E5 /* Keyboard.appex */,
			);
			name = Products;
			sourceTree = "<group>";
		};
		B21A248829360C7700C056E5 /* Keyboard */ = {
			isa = PBXGroup;
			children = (
				B263A882293E01F70024242C /* Keyboards */,
				B21A248B29360C7700C056E5 /* Info.plist */,
				B2DDCF4A29899D3600902EE6 /* KeyboardRelease.entitlements */,
				B2DDCF4929899D1700902EE6 /* KeyboardDebug.entitlements */,
			);
			path = Keyboard;
			sourceTree = "<group>";
		};
		B21A249329360CB000C056E5 /* Frameworks */ = {
			isa = PBXGroup;
			children = (
			);
			name = Frameworks;
			sourceTree = "<group>";
		};
		B247D3A72BDC84CC0005C51D /* Languages */ = {
			isa = PBXGroup;
			children = (
				B25D3B8B2B0EEDEA0000924B /* DKSettingsLanguagesViewModel.swift */,
				B25D3B892B0EEDAF0000924B /* DKSettingsLanguagesView.swift */,
			);
			path = Languages;
			sourceTree = "<group>";
		};
		B247D3A82BDC86930005C51D /* Extensions */ = {
			isa = PBXGroup;
			children = (
				B247D3A92BDC86A60005C51D /* Color+UIColor.swift */,
				B2E41D0C2BE0BC95009429BF /* View+NavigationBackButton.swift */,
				B2E41D102BE0BDC6009429BF /* Notification+Settings.swift */,
			);
			path = Extensions;
			sourceTree = "<group>";
		};
		B258877F2B10469500AE499B /* Emoji */ = {
			isa = PBXGroup;
			children = (
				B2723F4F2B11BD9D00FCC53D /* SwiftUI */,
				B2723F3F2B11BC3400FCC53D /* UIKit */,
				B25887822B1047D700AE499B /* DKKeyboardEmojiViewModel.swift */,
				B286DB9B2BDC39470006CA45 /* KDEmojiModel.swift */,
				B235710F2B26A48D00784B63 /* DKEmojiAutocompleteProvider.swift */,
			);
			path = Emoji;
			sourceTree = "<group>";
		};
		B263A882293E01F70024242C /* Keyboards */ = {
			isa = PBXGroup;
			children = (
				B258877F2B10469500AE499B /* Emoji */,
				B263A884293E01F70024242C /* Cyrillic */,
				B263A883293E01F70024242C /* Lacin */,
				B22FC9EF29510CAD00B31E4A /* DKLocalizationKeyboard.swift */,
				B22FC9E62950A90400B31E4A /* DKKeyboardAppearance.swift */,
				B22FC9E82950A94400B31E4A /* DKActionHandler.swift */,
				B22FC9F32951A9F100B31E4A /* DKCalloutActionProvider.swift */,
				B249D1A629905B0200668130 /* DKAutocompleteProvider.swift */,
				B249D1A82990696400668130 /* DKKeyboardLayoutProvider.swift */,
				B21A248929360C7700C056E5 /* DKKeyboardViewController.swift */,
				B23571112B26AB7400784B63 /* DKKeyboardViewModel.swift */,
				B21A2498293610EA00C056E5 /* DKKeyboardView.swift */,
				B282B8F129812D4B001244DE /* UITextDocumentProxy+FullText.swift */,
				B282B8F7298141AF001244DE /* DKAutocompleteProvider+Transliteration.swift */,
				B282B8F329812FB5001244DE /* AutocompleteSuggestion+FullText.swift */,
				B2C4D80229D25374006FFCAA /* DKAutocompleteToolbar.swift */,
				B227DE1E29993558001E29A7 /* KeyboardContext+FullText.swift */,
				B2C25E8229D499E7002B3229 /* KeyboardLayout+Buttons.swift */,
			);
			path = Keyboards;
			sourceTree = "<group>";
		};
		B263A883293E01F70024242C /* Lacin */ = {
			isa = PBXGroup;
			children = (
				B2AF577C294FECD500E7CF2F /* DKLatinCalloutActionProvider.swift */,
				B2AF577E294FEE4200E7CF2F /* DKLatinLayoutProvider.swift */,
				B28C524E295455DE0025D49A /* DKLatinAutocompleteProvider.swift */,
			);
			path = Lacin;
			sourceTree = "<group>";
		};
		B263A884293E01F70024242C /* Cyrillic */ = {
			isa = PBXGroup;
			children = (
				B263A885293E01F70024242C /* DKCyrillicCalloutActionProvider.swift */,
				B2073D0E2945F62C008B43E4 /* DKCyrillicLayoutProvider.swift */,
				B28C524C2954519C0025D49A /* DKCyrillicAutocompleteProvider.swift */,
			);
			path = Cyrillic;
			sourceTree = "<group>";
		};
		B2723F3F2B11BC3400FCC53D /* UIKit */ = {
			isa = PBXGroup;
			children = (
				B2723F432B11BC8B00FCC53D /* UIView+FixedSizeView.swift */,
				B2723F402B11BC5100FCC53D /* DKKeyboardEmojiStackView.swift */,
				B2723F462B11BCC200FCC53D /* DKKeyboardEmojiCollectionToolbarView.swift */,
				B2723F492B11BCF000FCC53D /* DKKeyboardEmojiCollectionHeaderView.swift */,
				B2723F4C2B11BD2C00FCC53D /* DKKeyboardEmojiCollectionViewCell.swift */,
				B25887882B114A2000AE499B /* DKKeyboardEmojiCollectionView.swift */,
				B2F1F03C2B115E5A0043AAA7 /* DKKeyboardEmoji.storyboard */,
			);
			path = UIKit;
			sourceTree = "<group>";
		};
		B2723F4F2B11BD9D00FCC53D /* SwiftUI */ = {
			isa = PBXGroup;
			children = (
				B25887802B1046B900AE499B /* DKKeyboardEmojiView.swift */,
			);
			path = SwiftUI;
			sourceTree = "<group>";
		};
		B280E0AA2B2F73720030F29F /* Controllers */ = {
			isa = PBXGroup;
			children = (
				B280E0AD2B2F73D20030F29F /* DKAppstoreReviewController.swift */,
			);
			path = Controllers;
			sourceTree = "<group>";
		};
		B28C525B295625C90025D49A /* Categories */ = {
			isa = PBXGroup;
			children = (
				B28C525C295625C90025D49A /* UIColor+Tools.swift */,
				B2B3550F295662EC0006B8B1 /* CALayer+Tools.swift */,
				B28C525D295625C90025D49A /* NSAttributedString+Tools.swift */,
			);
			path = Categories;
			sourceTree = "<group>";
		};
		B2B2092B29796D0400D4D5DC /* ScreenInstallation */ = {
			isa = PBXGroup;
			children = (
				B25CEE6B2B02B89F00BD1B8A /* DKInstallationNavigationController.swift */,
				B2B2092C29796D0400D4D5DC /* DKInstallationDescriptionViewController.swift */,
				B297600F29ED7F5400FB5320 /* DKInstallationSharingDataViewController.swift */,
				B25CEE6D2B02DBD400BD1B8A /* DKInstallationKeyboardViewController.swift */,
			);
			path = ScreenInstallation;
			sourceTree = "<group>";
		};
		B2B2092E29796D7F00D4D5DC /* Resources */ = {
			isa = PBXGroup;
			children = (
				B2B2093029796D7F00D4D5DC /* Assets.xcassets */,
				B2B2093129796D7F00D4D5DC /* Main.storyboard */,
				B22DC4D22979FB7000D9AC39 /* Installation.storyboard */,
				B2B97569297B52A800ED68D2 /* additional_languages.json */,
				B214A2942B210FA500388679 /* emoji.json */,
				B2B2093229796D7F00D4D5DC /* Info.plist */,
			);
			path = Resources;
			sourceTree = "<group>";
		};
		B2B2093829796F0F00D4D5DC /* ScreenAbout */ = {
			isa = PBXGroup;
			children = (
				B2B2093929796F0F00D4D5DC /* DKAboutViewController.swift */,
				B2E41D082BDC8F81009429BF /* DKAboutViewModel.swift */,
				B2E41D062BDC8F77009429BF /* DKAboutView.swift */,
			);
			path = ScreenAbout;
			sourceTree = "<group>";
		};
		B2B2093B29796F2300D4D5DC /* ScreenSettings */ = {
			isa = PBXGroup;
			children = (
				B247D3A72BDC84CC0005C51D /* Languages */,
				B29B0C352B0D71C4003CA8A5 /* DKSettingsCellView.swift */,
				B29B0C332B0D6E16003CA8A5 /* DKSettingsViewModel.swift */,
				B29B0C312B0D4827003CA8A5 /* DKSettingsView.swift */,
				B247D3A52BDC81A70005C51D /* DKSettingsViewContoller.swift */,
			);
			path = ScreenSettings;
			sourceTree = "<group>";
		};
		B2B2093E29796F3000D4D5DC /* ScreenTransliteration */ = {
			isa = PBXGroup;
			children = (
				B2B2093F29796F3000D4D5DC /* BLBelarusianTransliterationChoiceViewController.xib */,
				B2B2094029796F3000D4D5DC /* BLBelarusianTransliterationChoiceViewController.swift */,
			);
			path = ScreenTransliteration;
			sourceTree = "<group>";
		};
		B2B2094329796F8300D4D5DC /* Localization */ = {
			isa = PBXGroup;
			children = (
				B2B2094429796F8300D4D5DC /* DKLocalizationApp.swift */,
			);
			path = Localization;
			sourceTree = "<group>";
		};
		B2DDCF4D298C6FC500902EE6 /* ScreenConvertor */ = {
			isa = PBXGroup;
			children = (
				B299F70429908CBF00D6650A /* DKConverterOptionsTableViewCell.swift */,
				B299F7062990901300D6650A /* DKConverterGrowingTableViewCell.swift */,
				B2DDCF51298C779400902EE6 /* DKConverterTableViewController.swift */,
			);
			path = ScreenConvertor;
			sourceTree = "<group>";
		};
		B2DDCF4E298C762800902EE6 /* ScreeenTabs */ = {
			isa = PBXGroup;
			children = (
				B2DDCF4F298C769500902EE6 /* DKTabBarController.swift */,
			);
			path = ScreeenTabs;
			sourceTree = "<group>";
		};
		B2E68758297F36F3005C31B9 /* Settings */ = {
			isa = PBXGroup;
			children = (
				B2E6875F297F37A2005C31B9 /* Languages */,
				B2E41D0E2BE0BDAD009429BF /* DKKeyboardSettingsKeys.swift */,
				B2E41D122BE0BDF1009429BF /* DKKeyboardLayout.swift */,
				B2E68759297F3723005C31B9 /* DKKeyboardSettings.swift */,
			);
			path = Settings;
			sourceTree = "<group>";
		};
		B2E6875F297F37A2005C31B9 /* Languages */ = {
			isa = PBXGroup;
			children = (
				B2E68760297F37B2005C31B9 /* DKAdditionalLanguages.swift */,
				B2E68763297F37D1005C31B9 /* DKAdditionalLanguage.swift */,
				B2E68766297F4174005C31B9 /* DKAdditionalLanguage+Localization.swift */,
			);
			path = Languages;
			sourceTree = "<group>";
		};
/* End PBXGroup section */

/* Begin PBXNativeTarget section */
		B21A246829360B3600C056E5 /* Drukarnik */ = {
			isa = PBXNativeTarget;
			buildConfigurationList = B21A247D29360B3B00C056E5 /* Build configuration list for PBXNativeTarget "Drukarnik" */;
			buildPhases = (
				B21A246529360B3600C056E5 /* Sources */,
				B21A246629360B3600C056E5 /* Frameworks */,
				B21A246729360B3600C056E5 /* Resources */,
				B21A249229360C7700C056E5 /* Embed Foundation Extensions */,
			);
			buildRules = (
			);
			dependencies = (
				B2073D132945FC4B008B43E4 /* PBXTargetDependency */,
				B21A248D29360C7700C056E5 /* PBXTargetDependency */,
			);
			name = Drukarnik;
			packageProductDependencies = (
				B22FC9ED29510C6900B31E4A /* BelarusianLacinka */,
				B2F8569E2952942800CADE71 /* KeyboardKit */,
			);
			productName = Drukarnik;
			productReference = B21A246929360B3600C056E5 /* Drukarnik.app */;
			productType = "com.apple.product-type.application";
		};
		B21A248629360C7600C056E5 /* Keyboard */ = {
			isa = PBXNativeTarget;
			buildConfigurationList = B21A248F29360C7700C056E5 /* Build configuration list for PBXNativeTarget "Keyboard" */;
			buildPhases = (
				B21A248329360C7600C056E5 /* Sources */,
				B21A248429360C7600C056E5 /* Frameworks */,
				B21A248529360C7600C056E5 /* Resources */,
			);
			buildRules = (
			);
			dependencies = (
				B2AC43B72945F4F100ACC32E /* PBXTargetDependency */,
			);
			name = Keyboard;
			packageProductDependencies = (
				B2AC43AC2945F21400ACC32E /* KeyboardKit */,
				B22FC9F129510FB900B31E4A /* BelarusianLacinka */,
			);
			productName = Keyboard;
			productReference = B21A248729360C7600C056E5 /* Keyboard.appex */;
			productType = "com.apple.product-type.app-extension";
		};
/* End PBXNativeTarget section */

/* Begin PBXProject section */
		B21A246129360B3600C056E5 /* Project object */ = {
			isa = PBXProject;
			attributes = {
				BuildIndependentTargetsInParallel = 1;
				CLASSPREFIX = DK;
				LastSwiftUpdateCheck = 1410;
				LastUpgradeCheck = 1500;
				TargetAttributes = {
					B21A246829360B3600C056E5 = {
						CreatedOnToolsVersion = 14.1;
					};
					B21A248629360C7600C056E5 = {
						CreatedOnToolsVersion = 14.1;
					};
				};
			};
			buildConfigurationList = B21A246429360B3600C056E5 /* Build configuration list for PBXProject "Drukarnik" */;
			compatibilityVersion = "Xcode 15.0";
			developmentRegion = en;
			hasScannedForEncodings = 0;
			knownRegions = (
				en,
				Base,
			);
			mainGroup = B21A246029360B3600C056E5;
			packageReferences = (
				B22FC9EC29510C6900B31E4A /* XCRemoteSwiftPackageReference "belarusianlacinka" */,
				B2F8569D2952942800CADE71 /* XCRemoteSwiftPackageReference "KeyboardKit" */,
			);
			productRefGroup = B21A246A29360B3600C056E5 /* Products */;
			projectDirPath = "";
			projectRoot = "";
			targets = (
				B21A246829360B3600C056E5 /* Drukarnik */,
				B21A248629360C7600C056E5 /* Keyboard */,
			);
		};
/* End PBXProject section */

/* Begin PBXResourcesBuildPhase section */
		B21A246729360B3600C056E5 /* Resources */ = {
			isa = PBXResourcesBuildPhase;
			buildActionMask = 2147483647;
			files = (
				B22DC4D32979FB7000D9AC39 /* Installation.storyboard in Resources */,
				B247D3AC2BDC8C4E0005C51D /* PrivacyInfo.xcprivacy in Resources */,
				B2F1F03E2B115F0D0043AAA7 /* DKKeyboardEmoji.storyboard in Resources */,
				B2B2093529796D7F00D4D5DC /* Main.storyboard in Resources */,
				B2B2094129796F3000D4D5DC /* BLBelarusianTransliterationChoiceViewController.xib in Resources */,
				B2B2093429796D7F00D4D5DC /* Assets.xcassets in Resources */,
				B2B9756A297B52A800ED68D2 /* additional_languages.json in Resources */,
			);
			runOnlyForDeploymentPostprocessing = 0;
		};
		B21A248529360C7600C056E5 /* Resources */ = {
			isa = PBXResourcesBuildPhase;
			buildActionMask = 2147483647;
			files = (
				B2B2093729796D8600D4D5DC /* Assets.xcassets in Resources */,
				B214A2952B210FA500388679 /* emoji.json in Resources */,
				B247D3AD2BDC8C4E0005C51D /* PrivacyInfo.xcprivacy in Resources */,
				B2B9756B297B52A800ED68D2 /* additional_languages.json in Resources */,
			);
			runOnlyForDeploymentPostprocessing = 0;
		};
/* End PBXResourcesBuildPhase section */

/* Begin PBXSourcesBuildPhase section */
		B21A246529360B3600C056E5 /* Sources */ = {
			isa = PBXSourcesBuildPhase;
			buildActionMask = 2147483647;
			files = (
				B25D3B8C2B0EEDEA0000924B /* DKSettingsLanguagesViewModel.swift in Sources */,
				B29B0C342B0D6E16003CA8A5 /* DKSettingsViewModel.swift in Sources */,
				B28C525F295625C90025D49A /* NSAttributedString+Tools.swift in Sources */,
				B2723F412B11BC5100FCC53D /* DKKeyboardEmojiStackView.swift in Sources */,
				B286DB9D2BDC3E550006CA45 /* KDEmojiModel.swift in Sources */,
				B2E41D092BDC8F81009429BF /* DKAboutViewModel.swift in Sources */,
				B25887852B104DD200AE499B /* DKKeyboardEmojiViewModel.swift in Sources */,
				B2B2092D29796D0400D4D5DC /* DKInstallationDescriptionViewController.swift in Sources */,
				B2073D0B2945F599008B43E4 /* AppDelegate.swift in Sources */,
				B2E68767297F4174005C31B9 /* DKAdditionalLanguage+Localization.swift in Sources */,
				B2B2094229796F3000D4D5DC /* BLBelarusianTransliterationChoiceViewController.swift in Sources */,
				B280E0AE2B2F73D20030F29F /* DKAppstoreReviewController.swift in Sources */,
				B25CEE6E2B02DBD400BD1B8A /* DKInstallationKeyboardViewController.swift in Sources */,
				B25887842B104DCD00AE499B /* DKKeyboardEmojiView.swift in Sources */,
				B2723F442B11BC8B00FCC53D /* UIView+FixedSizeView.swift in Sources */,
				B2E68761297F37B2005C31B9 /* DKAdditionalLanguages.swift in Sources */,
				B2DDCF52298C779500902EE6 /* DKConverterTableViewController.swift in Sources */,
				B2E6875A297F3723005C31B9 /* DKKeyboardSettings.swift in Sources */,
				B2DDCF50298C769500902EE6 /* DKTabBarController.swift in Sources */,
				B25887892B114A2000AE499B /* DKKeyboardEmojiCollectionView.swift in Sources */,
				B25D3B8A2B0EEDAF0000924B /* DKSettingsLanguagesView.swift in Sources */,
				B2B35510295662EC0006B8B1 /* CALayer+Tools.swift in Sources */,
				B2E41D132BE0BDF1009429BF /* DKKeyboardLayout.swift in Sources */,
				B25CEE6C2B02B89F00BD1B8A /* DKInstallationNavigationController.swift in Sources */,
				B299F70529908CBF00D6650A /* DKConverterOptionsTableViewCell.swift in Sources */,
				B2E41D072BDC8F77009429BF /* DKAboutView.swift in Sources */,
				B297601029ED7F5400FB5320 /* DKInstallationSharingDataViewController.swift in Sources */,
				B29B0C362B0D71C4003CA8A5 /* DKSettingsCellView.swift in Sources */,
				B2723F472B11BCC200FCC53D /* DKKeyboardEmojiCollectionToolbarView.swift in Sources */,
				B247D3AA2BDC86A60005C51D /* Color+UIColor.swift in Sources */,
				B2E41D0D2BE0BC95009429BF /* View+NavigationBackButton.swift in Sources */,
				B247D3A62BDC81A70005C51D /* DKSettingsViewContoller.swift in Sources */,
				B28C525E295625C90025D49A /* UIColor+Tools.swift in Sources */,
				B2723F4D2B11BD2C00FCC53D /* DKKeyboardEmojiCollectionViewCell.swift in Sources */,
				B29B0C322B0D4827003CA8A5 /* DKSettingsView.swift in Sources */,
				B299F7072990901300D6650A /* DKConverterGrowingTableViewCell.swift in Sources */,
				B2723F4A2B11BCF000FCC53D /* DKKeyboardEmojiCollectionHeaderView.swift in Sources */,
				B2E68764297F37D1005C31B9 /* DKAdditionalLanguage.swift in Sources */,
				B2E41D112BE0BDC6009429BF /* Notification+Settings.swift in Sources */,
				B2B2094529796F8300D4D5DC /* DKLocalizationApp.swift in Sources */,
				B2073D0D2945F599008B43E4 /* SceneDelegate.swift in Sources */,
				B2E41D0F2BE0BDAD009429BF /* DKKeyboardSettingsKeys.swift in Sources */,
				B2B2093A29796F0F00D4D5DC /* DKAboutViewController.swift in Sources */,
			);
			runOnlyForDeploymentPostprocessing = 0;
		};
		B21A248329360C7600C056E5 /* Sources */ = {
			isa = PBXSourcesBuildPhase;
			buildActionMask = 2147483647;
			files = (
				B22FC9E72950A90400B31E4A /* DKKeyboardAppearance.swift in Sources */,
				B2723F4E2B11BD2C00FCC53D /* DKKeyboardEmojiCollectionViewCell.swift in Sources */,
				B249D1A92990696400668130 /* DKKeyboardLayoutProvider.swift in Sources */,
				B2C4D80329D25374006FFCAA /* DKAutocompleteToolbar.swift in Sources */,
				B28C524D2954519C0025D49A /* DKCyrillicAutocompleteProvider.swift in Sources */,
				B282B8F8298141AF001244DE /* DKAutocompleteProvider+Transliteration.swift in Sources */,
				B249D1A729905B0200668130 /* DKAutocompleteProvider.swift in Sources */,
				B22FC9E92950A94500B31E4A /* DKActionHandler.swift in Sources */,
				B2723F4B2B11BCF000FCC53D /* DKKeyboardEmojiCollectionHeaderView.swift in Sources */,
				B263A887293E01F70024242C /* DKCyrillicCalloutActionProvider.swift in Sources */,
				B262BD7B2B11BF9F0035C867 /* DKKeyboardEmojiCollectionView.swift in Sources */,
				B22FC9F029510CAD00B31E4A /* DKLocalizationKeyboard.swift in Sources */,
				B2E68762297F37B2005C31B9 /* DKAdditionalLanguages.swift in Sources */,
				B2E41D162BE0BF1A009429BF /* Notification+Settings.swift in Sources */,
				B227DE1F29993558001E29A7 /* KeyboardContext+FullText.swift in Sources */,
				B25887862B10592000AE499B /* DKKeyboardEmojiView.swift in Sources */,
				B286DB9C2BDC39470006CA45 /* KDEmojiModel.swift in Sources */,
				B25887872B10592300AE499B /* DKKeyboardEmojiViewModel.swift in Sources */,
				B2723F452B11BC8B00FCC53D /* UIView+FixedSizeView.swift in Sources */,
				B2C25E8329D499E7002B3229 /* KeyboardLayout+Buttons.swift in Sources */,
				B21A248A29360C7700C056E5 /* DKKeyboardViewController.swift in Sources */,
				B282B8F229812D4B001244DE /* UITextDocumentProxy+FullText.swift in Sources */,
				B23571102B26A48D00784B63 /* DKEmojiAutocompleteProvider.swift in Sources */,
				B2723F422B11BC5100FCC53D /* DKKeyboardEmojiStackView.swift in Sources */,
				B2E6875B297F3723005C31B9 /* DKKeyboardSettings.swift in Sources */,
				B2073D0F2945F62C008B43E4 /* DKCyrillicLayoutProvider.swift in Sources */,
				B2AF577D294FECD500E7CF2F /* DKLatinCalloutActionProvider.swift in Sources */,
				B282B8F429812FB5001244DE /* AutocompleteSuggestion+FullText.swift in Sources */,
				B21A2499293610EA00C056E5 /* DKKeyboardView.swift in Sources */,
				B2E41D152BE0BE34009429BF /* DKKeyboardSettingsKeys.swift in Sources */,
				B2E68765297F37D1005C31B9 /* DKAdditionalLanguage.swift in Sources */,
				B23571122B26AB7400784B63 /* DKKeyboardViewModel.swift in Sources */,
				B2AF577F294FEE4200E7CF2F /* DKLatinLayoutProvider.swift in Sources */,
				B22FC9F42951A9F100B31E4A /* DKCalloutActionProvider.swift in Sources */,
				B2E41D142BE0BE11009429BF /* DKKeyboardLayout.swift in Sources */,
				B28C524F295455DE0025D49A /* DKLatinAutocompleteProvider.swift in Sources */,
				B2723F482B11BCC200FCC53D /* DKKeyboardEmojiCollectionToolbarView.swift in Sources */,
			);
			runOnlyForDeploymentPostprocessing = 0;
		};
/* End PBXSourcesBuildPhase section */

/* Begin PBXTargetDependency section */
		B2073D132945FC4B008B43E4 /* PBXTargetDependency */ = {
			isa = PBXTargetDependency;
			productRef = B2073D122945FC4B008B43E4 /* KeyboardKit */;
		};
		B21A248D29360C7700C056E5 /* PBXTargetDependency */ = {
			isa = PBXTargetDependency;
			target = B21A248629360C7600C056E5 /* Keyboard */;
			targetProxy = B21A248C29360C7700C056E5 /* PBXContainerItemProxy */;
		};
		B2AC43B72945F4F100ACC32E /* PBXTargetDependency */ = {
			isa = PBXTargetDependency;
			productRef = B2AC43B62945F4F100ACC32E /* KeyboardKit */;
		};
/* End PBXTargetDependency section */

/* Begin XCBuildConfiguration section */
		B21A247B29360B3B00C056E5 /* Debug */ = {
			isa = XCBuildConfiguration;
			buildSettings = {
				ALWAYS_SEARCH_USER_PATHS = NO;
				ASSETCATALOG_COMPILER_GENERATE_SWIFT_ASSET_SYMBOL_EXTENSIONS = YES;
				CLANG_ANALYZER_NONNULL = YES;
				CLANG_ANALYZER_NUMBER_OBJECT_CONVERSION = YES_AGGRESSIVE;
				CLANG_CXX_LANGUAGE_STANDARD = "gnu++20";
				CLANG_ENABLE_MODULES = YES;
				CLANG_ENABLE_OBJC_ARC = YES;
				CLANG_ENABLE_OBJC_WEAK = YES;
				CLANG_WARN_BLOCK_CAPTURE_AUTORELEASING = YES;
				CLANG_WARN_BOOL_CONVERSION = YES;
				CLANG_WARN_COMMA = YES;
				CLANG_WARN_CONSTANT_CONVERSION = YES;
				CLANG_WARN_DEPRECATED_OBJC_IMPLEMENTATIONS = YES;
				CLANG_WARN_DIRECT_OBJC_ISA_USAGE = YES_ERROR;
				CLANG_WARN_DOCUMENTATION_COMMENTS = YES;
				CLANG_WARN_EMPTY_BODY = YES;
				CLANG_WARN_ENUM_CONVERSION = YES;
				CLANG_WARN_INFINITE_RECURSION = YES;
				CLANG_WARN_INT_CONVERSION = YES;
				CLANG_WARN_NON_LITERAL_NULL_CONVERSION = YES;
				CLANG_WARN_OBJC_IMPLICIT_RETAIN_SELF = YES;
				CLANG_WARN_OBJC_LITERAL_CONVERSION = YES;
				CLANG_WARN_OBJC_ROOT_CLASS = YES_ERROR;
				CLANG_WARN_QUOTED_INCLUDE_IN_FRAMEWORK_HEADER = YES;
				CLANG_WARN_RANGE_LOOP_ANALYSIS = YES;
				CLANG_WARN_STRICT_PROTOTYPES = YES;
				CLANG_WARN_SUSPICIOUS_MOVE = YES;
				CLANG_WARN_UNGUARDED_AVAILABILITY = YES_AGGRESSIVE;
				CLANG_WARN_UNREACHABLE_CODE = YES;
				CLANG_WARN__DUPLICATE_METHOD_MATCH = YES;
				COPY_PHASE_STRIP = NO;
				DEBUG_INFORMATION_FORMAT = dwarf;
				ENABLE_STRICT_OBJC_MSGSEND = YES;
				ENABLE_TESTABILITY = YES;
				ENABLE_USER_SCRIPT_SANDBOXING = YES;
				GCC_C_LANGUAGE_STANDARD = gnu11;
				GCC_DYNAMIC_NO_PIC = NO;
				GCC_NO_COMMON_BLOCKS = YES;
				GCC_OPTIMIZATION_LEVEL = 0;
				GCC_PREPROCESSOR_DEFINITIONS = (
					"DEBUG=1",
					"$(inherited)",
				);
				GCC_WARN_64_TO_32_BIT_CONVERSION = YES;
				GCC_WARN_ABOUT_RETURN_TYPE = YES_ERROR;
				GCC_WARN_UNDECLARED_SELECTOR = YES;
				GCC_WARN_UNINITIALIZED_AUTOS = YES_AGGRESSIVE;
				GCC_WARN_UNUSED_FUNCTION = YES;
				GCC_WARN_UNUSED_VARIABLE = YES;
				IPHONEOS_DEPLOYMENT_TARGET = 14.7;
				MTL_ENABLE_DEBUG_INFO = INCLUDE_SOURCE;
				MTL_FAST_MATH = YES;
				ONLY_ACTIVE_ARCH = YES;
				SDKROOT = iphoneos;
				SWIFT_ACTIVE_COMPILATION_CONDITIONS = DEBUG;
				SWIFT_OPTIMIZATION_LEVEL = "-Onone";
			};
			name = Debug;
		};
		B21A247C29360B3B00C056E5 /* Release */ = {
			isa = XCBuildConfiguration;
			buildSettings = {
				ALWAYS_SEARCH_USER_PATHS = NO;
				ASSETCATALOG_COMPILER_GENERATE_SWIFT_ASSET_SYMBOL_EXTENSIONS = YES;
				CLANG_ANALYZER_NONNULL = YES;
				CLANG_ANALYZER_NUMBER_OBJECT_CONVERSION = YES_AGGRESSIVE;
				CLANG_CXX_LANGUAGE_STANDARD = "gnu++20";
				CLANG_ENABLE_MODULES = YES;
				CLANG_ENABLE_OBJC_ARC = YES;
				CLANG_ENABLE_OBJC_WEAK = YES;
				CLANG_WARN_BLOCK_CAPTURE_AUTORELEASING = YES;
				CLANG_WARN_BOOL_CONVERSION = YES;
				CLANG_WARN_COMMA = YES;
				CLANG_WARN_CONSTANT_CONVERSION = YES;
				CLANG_WARN_DEPRECATED_OBJC_IMPLEMENTATIONS = YES;
				CLANG_WARN_DIRECT_OBJC_ISA_USAGE = YES_ERROR;
				CLANG_WARN_DOCUMENTATION_COMMENTS = YES;
				CLANG_WARN_EMPTY_BODY = YES;
				CLANG_WARN_ENUM_CONVERSION = YES;
				CLANG_WARN_INFINITE_RECURSION = YES;
				CLANG_WARN_INT_CONVERSION = YES;
				CLANG_WARN_NON_LITERAL_NULL_CONVERSION = YES;
				CLANG_WARN_OBJC_IMPLICIT_RETAIN_SELF = YES;
				CLANG_WARN_OBJC_LITERAL_CONVERSION = YES;
				CLANG_WARN_OBJC_ROOT_CLASS = YES_ERROR;
				CLANG_WARN_QUOTED_INCLUDE_IN_FRAMEWORK_HEADER = YES;
				CLANG_WARN_RANGE_LOOP_ANALYSIS = YES;
				CLANG_WARN_STRICT_PROTOTYPES = YES;
				CLANG_WARN_SUSPICIOUS_MOVE = YES;
				CLANG_WARN_UNGUARDED_AVAILABILITY = YES_AGGRESSIVE;
				CLANG_WARN_UNREACHABLE_CODE = YES;
				CLANG_WARN__DUPLICATE_METHOD_MATCH = YES;
				COPY_PHASE_STRIP = NO;
				DEBUG_INFORMATION_FORMAT = "dwarf-with-dsym";
				ENABLE_NS_ASSERTIONS = NO;
				ENABLE_STRICT_OBJC_MSGSEND = YES;
				ENABLE_USER_SCRIPT_SANDBOXING = YES;
				GCC_C_LANGUAGE_STANDARD = gnu11;
				GCC_NO_COMMON_BLOCKS = YES;
				GCC_WARN_64_TO_32_BIT_CONVERSION = YES;
				GCC_WARN_ABOUT_RETURN_TYPE = YES_ERROR;
				GCC_WARN_UNDECLARED_SELECTOR = YES;
				GCC_WARN_UNINITIALIZED_AUTOS = YES_AGGRESSIVE;
				GCC_WARN_UNUSED_FUNCTION = YES;
				GCC_WARN_UNUSED_VARIABLE = YES;
				IPHONEOS_DEPLOYMENT_TARGET = 14.7;
				MTL_ENABLE_DEBUG_INFO = NO;
				MTL_FAST_MATH = YES;
				SDKROOT = iphoneos;
				SWIFT_COMPILATION_MODE = wholemodule;
				SWIFT_OPTIMIZATION_LEVEL = "-O";
				VALIDATE_PRODUCT = YES;
			};
			name = Release;
		};
		B21A247E29360B3B00C056E5 /* Debug */ = {
			isa = XCBuildConfiguration;
			buildSettings = {
				ALWAYS_EMBED_SWIFT_STANDARD_LIBRARIES = YES;
				ASSETCATALOG_COMPILER_APPICON_NAME = AppIcon;
				ASSETCATALOG_COMPILER_GLOBAL_ACCENT_COLOR_NAME = AccentColor;
				CODE_SIGN_ENTITLEMENTS = Drukarnik/DrukarnikDebug.entitlements;
				"CODE_SIGN_IDENTITY[sdk=iphoneos*]" = "iPhone Developer";
				CODE_SIGN_STYLE = Manual;
				CURRENT_PROJECT_VERSION = 8;
				DEVELOPMENT_TEAM = "";
				"DEVELOPMENT_TEAM[sdk=iphoneos*]" = 6EWLUZCTBU;
				GCC_PREPROCESSOR_DEFINITIONS = "DEBUG=1";
				GCC_PREPROCESSOR_DEFINITIONS_NOT_USED_IN_PRECOMPS = "";
				GENERATE_INFOPLIST_FILE = YES;
				INFOPLIST_FILE = Drukarnik/Resources/Info.plist;
				INFOPLIST_KEY_CFBundleDisplayName = Drukarnik;
				INFOPLIST_KEY_LSApplicationCategoryType = "public.app-category.utilities";
				INFOPLIST_KEY_UIApplicationSupportsIndirectInputEvents = YES;
				INFOPLIST_KEY_UIMainStoryboardFile = Main;
				INFOPLIST_KEY_UISupportedInterfaceOrientations = UIInterfaceOrientationPortrait;
				INFOPLIST_KEY_UISupportedInterfaceOrientations_iPad = "UIInterfaceOrientationLandscapeLeft UIInterfaceOrientationLandscapeRight UIInterfaceOrientationPortrait UIInterfaceOrientationPortraitUpsideDown";
				IPHONEOS_DEPLOYMENT_TARGET = 14.7;
				LD_RUNPATH_SEARCH_PATHS = (
					"$(inherited)",
					"@executable_path/Frameworks",
				);
				MARKETING_VERSION = 1.2;
				OTHER_SWIFT_FLAGS = "";
				PRODUCT_BUNDLE_IDENTIFIER = com.belanghelp.drukarnik;
				PRODUCT_NAME = "$(TARGET_NAME)";
				PROVISIONING_PROFILE_SPECIFIER = "";
				"PROVISIONING_PROFILE_SPECIFIER[sdk=iphoneos*]" = "K Development Drukarnik";
				SUPPORTED_PLATFORMS = "iphoneos iphonesimulator";
				SUPPORTS_MACCATALYST = NO;
				SUPPORTS_MAC_DESIGNED_FOR_IPHONE_IPAD = NO;
				SWIFT_ACTIVE_COMPILATION_CONDITIONS = "DEBUG MAIN_APP";
				SWIFT_EMIT_LOC_STRINGS = YES;
				SWIFT_VERSION = 5.0;
				TARGETED_DEVICE_FAMILY = "1,2";
			};
			name = Debug;
		};
		B21A247F29360B3B00C056E5 /* Release */ = {
			isa = XCBuildConfiguration;
			buildSettings = {
				ALWAYS_EMBED_SWIFT_STANDARD_LIBRARIES = YES;
				ASSETCATALOG_COMPILER_APPICON_NAME = AppIcon;
				ASSETCATALOG_COMPILER_GLOBAL_ACCENT_COLOR_NAME = AccentColor;
				CODE_SIGN_ENTITLEMENTS = Drukarnik/DrukarnikRelease.entitlements;
				"CODE_SIGN_IDENTITY[sdk=iphoneos*]" = "iPhone Distribution";
				CODE_SIGN_STYLE = Manual;
				CURRENT_PROJECT_VERSION = 8;
				DEVELOPMENT_TEAM = "";
				"DEVELOPMENT_TEAM[sdk=iphoneos*]" = 6EWLUZCTBU;
				GCC_PREPROCESSOR_DEFINITIONS = "";
				GCC_PREPROCESSOR_DEFINITIONS_NOT_USED_IN_PRECOMPS = "";
				GENERATE_INFOPLIST_FILE = YES;
				INFOPLIST_FILE = Drukarnik/Resources/Info.plist;
				INFOPLIST_KEY_CFBundleDisplayName = Drukarnik;
				INFOPLIST_KEY_LSApplicationCategoryType = "public.app-category.utilities";
				INFOPLIST_KEY_UIApplicationSupportsIndirectInputEvents = YES;
				INFOPLIST_KEY_UIMainStoryboardFile = Main;
				INFOPLIST_KEY_UISupportedInterfaceOrientations = UIInterfaceOrientationPortrait;
				INFOPLIST_KEY_UISupportedInterfaceOrientations_iPad = "UIInterfaceOrientationLandscapeLeft UIInterfaceOrientationLandscapeRight UIInterfaceOrientationPortrait UIInterfaceOrientationPortraitUpsideDown";
				IPHONEOS_DEPLOYMENT_TARGET = 14.7;
				LD_RUNPATH_SEARCH_PATHS = (
					"$(inherited)",
					"@executable_path/Frameworks",
				);
				MARKETING_VERSION = 1.2;
				OTHER_SWIFT_FLAGS = "";
				PRODUCT_BUNDLE_IDENTIFIER = com.belanghelp.drukarnik;
				PRODUCT_NAME = "$(TARGET_NAME)";
				PROVISIONING_PROFILE_SPECIFIER = "";
				"PROVISIONING_PROFILE_SPECIFIER[sdk=iphoneos*]" = "K App Store Drukarnik";
				SUPPORTED_PLATFORMS = "iphoneos iphonesimulator";
				SUPPORTS_MACCATALYST = NO;
				SUPPORTS_MAC_DESIGNED_FOR_IPHONE_IPAD = NO;
				SWIFT_ACTIVE_COMPILATION_CONDITIONS = MAIN_APP;
				SWIFT_EMIT_LOC_STRINGS = YES;
				SWIFT_VERSION = 5.0;
				TARGETED_DEVICE_FAMILY = "1,2";
			};
			name = Release;
		};
		B21A249029360C7700C056E5 /* Debug */ = {
			isa = XCBuildConfiguration;
			buildSettings = {
				CODE_SIGN_ENTITLEMENTS = Keyboard/KeyboardDebug.entitlements;
				"CODE_SIGN_IDENTITY[sdk=iphoneos*]" = "iPhone Developer";
				CODE_SIGN_STYLE = Manual;
				CURRENT_PROJECT_VERSION = 4;
				DEVELOPMENT_TEAM = "";
				"DEVELOPMENT_TEAM[sdk=iphoneos*]" = 6EWLUZCTBU;
				GENERATE_INFOPLIST_FILE = YES;
				INFOPLIST_FILE = Keyboard/Info.plist;
				INFOPLIST_KEY_CFBundleDisplayName = Drukarnik;
				INFOPLIST_KEY_NSHumanReadableCopyright = "";
				IPHONEOS_DEPLOYMENT_TARGET = 14.7;
				LD_RUNPATH_SEARCH_PATHS = (
					"$(inherited)",
					"@executable_path/Frameworks",
					"@executable_path/../../Frameworks",
				);
				MARKETING_VERSION = 1.0.1;
				PRODUCT_BUNDLE_IDENTIFIER = com.belanghelp.drukarnik.keyboard;
				PRODUCT_NAME = "$(TARGET_NAME)";
				PROVISIONING_PROFILE_SPECIFIER = "";
				"PROVISIONING_PROFILE_SPECIFIER[sdk=iphoneos*]" = "K Development Drukarnik keyboard";
				SKIP_INSTALL = YES;
				SUPPORTED_PLATFORMS = "iphoneos iphonesimulator";
				SUPPORTS_MACCATALYST = NO;
				SUPPORTS_MAC_DESIGNED_FOR_IPHONE_IPAD = NO;
				SWIFT_EMIT_LOC_STRINGS = YES;
				SWIFT_VERSION = 5.0;
				TARGETED_DEVICE_FAMILY = "1,2";
			};
			name = Debug;
		};
		B21A249129360C7700C056E5 /* Release */ = {
			isa = XCBuildConfiguration;
			buildSettings = {
				CODE_SIGN_ENTITLEMENTS = Keyboard/KeyboardRelease.entitlements;
				"CODE_SIGN_IDENTITY[sdk=iphoneos*]" = "iPhone Distribution";
				CODE_SIGN_STYLE = Manual;
				CURRENT_PROJECT_VERSION = 4;
				DEVELOPMENT_TEAM = "";
				"DEVELOPMENT_TEAM[sdk=iphoneos*]" = 6EWLUZCTBU;
				GENERATE_INFOPLIST_FILE = YES;
				INFOPLIST_FILE = Keyboard/Info.plist;
				INFOPLIST_KEY_CFBundleDisplayName = Drukarnik;
				INFOPLIST_KEY_NSHumanReadableCopyright = "";
				IPHONEOS_DEPLOYMENT_TARGET = 14.7;
				LD_RUNPATH_SEARCH_PATHS = (
					"$(inherited)",
					"@executable_path/Frameworks",
					"@executable_path/../../Frameworks",
				);
				MARKETING_VERSION = 1.0.1;
				PRODUCT_BUNDLE_IDENTIFIER = com.belanghelp.drukarnik.keyboard;
				PRODUCT_NAME = "$(TARGET_NAME)";
				PROVISIONING_PROFILE_SPECIFIER = "";
				"PROVISIONING_PROFILE_SPECIFIER[sdk=iphoneos*]" = "K App Store Drukarnik keyboard";
				SKIP_INSTALL = YES;
				SUPPORTED_PLATFORMS = "iphoneos iphonesimulator";
				SUPPORTS_MACCATALYST = NO;
				SUPPORTS_MAC_DESIGNED_FOR_IPHONE_IPAD = NO;
				SWIFT_EMIT_LOC_STRINGS = YES;
				SWIFT_VERSION = 5.0;
				TARGETED_DEVICE_FAMILY = "1,2";
			};
			name = Release;
		};
/* End XCBuildConfiguration section */

/* Begin XCConfigurationList section */
		B21A246429360B3600C056E5 /* Build configuration list for PBXProject "Drukarnik" */ = {
			isa = XCConfigurationList;
			buildConfigurations = (
				B21A247B29360B3B00C056E5 /* Debug */,
				B21A247C29360B3B00C056E5 /* Release */,
			);
			defaultConfigurationIsVisible = 0;
			defaultConfigurationName = Release;
		};
		B21A247D29360B3B00C056E5 /* Build configuration list for PBXNativeTarget "Drukarnik" */ = {
			isa = XCConfigurationList;
			buildConfigurations = (
				B21A247E29360B3B00C056E5 /* Debug */,
				B21A247F29360B3B00C056E5 /* Release */,
			);
			defaultConfigurationIsVisible = 0;
			defaultConfigurationName = Release;
		};
		B21A248F29360C7700C056E5 /* Build configuration list for PBXNativeTarget "Keyboard" */ = {
			isa = XCConfigurationList;
			buildConfigurations = (
				B21A249029360C7700C056E5 /* Debug */,
				B21A249129360C7700C056E5 /* Release */,
			);
			defaultConfigurationIsVisible = 0;
			defaultConfigurationName = Release;
		};
/* End XCConfigurationList section */

/* Begin XCRemoteSwiftPackageReference section */
		B22FC9EC29510C6900B31E4A /* XCRemoteSwiftPackageReference "belarusianlacinka" */ = {
			isa = XCRemoteSwiftPackageReference;
			repositoryURL = "https://github.com/pikoshyk/belarusianlacinka";
			requirement = {
				kind = upToNextMajorVersion;
				minimumVersion = 1.1.0;
			};
		};
		B2AC43B32945F4BE00ACC32E /* XCRemoteSwiftPackageReference "KeyboardKit" */ = {
			isa = XCRemoteSwiftPackageReference;
			repositoryURL = "https://github.com/pikoshyk/KeyboardKit.git";
			requirement = {
				kind = upToNextMajorVersion;
				minimumVersion = 6.0.0;
			};
		};
		B2F8569D2952942800CADE71 /* XCRemoteSwiftPackageReference "KeyboardKit" */ = {
			isa = XCRemoteSwiftPackageReference;
			repositoryURL = "https://github.com/KeyboardKit/KeyboardKit.git";
			requirement = {
				kind = upToNextMinorVersion;
				minimumVersion = 8.5.2;
			};
		};
/* End XCRemoteSwiftPackageReference section */

/* Begin XCSwiftPackageProductDependency section */
		B2073D122945FC4B008B43E4 /* KeyboardKit */ = {
			isa = XCSwiftPackageProductDependency;
			package = B2AC43B32945F4BE00ACC32E /* XCRemoteSwiftPackageReference "KeyboardKit" */;
			productName = KeyboardKit;
		};
		B22FC9ED29510C6900B31E4A /* BelarusianLacinka */ = {
			isa = XCSwiftPackageProductDependency;
			package = B22FC9EC29510C6900B31E4A /* XCRemoteSwiftPackageReference "belarusianlacinka" */;
			productName = BelarusianLacinka;
		};
		B22FC9F129510FB900B31E4A /* BelarusianLacinka */ = {
			isa = XCSwiftPackageProductDependency;
			package = B22FC9EC29510C6900B31E4A /* XCRemoteSwiftPackageReference "belarusianlacinka" */;
			productName = BelarusianLacinka;
		};
		B2AC43AC2945F21400ACC32E /* KeyboardKit */ = {
			isa = XCSwiftPackageProductDependency;
			productName = KeyboardKit;
		};
		B2AC43B62945F4F100ACC32E /* KeyboardKit */ = {
			isa = XCSwiftPackageProductDependency;
			package = B2AC43B32945F4BE00ACC32E /* XCRemoteSwiftPackageReference "KeyboardKit" */;
			productName = KeyboardKit;
		};
		B2F8569E2952942800CADE71 /* KeyboardKit */ = {
			isa = XCSwiftPackageProductDependency;
			package = B2F8569D2952942800CADE71 /* XCRemoteSwiftPackageReference "KeyboardKit" */;
			productName = KeyboardKit;
		};
/* End XCSwiftPackageProductDependency section */
	};
	rootObject = B21A246129360B3600C056E5 /* Project object */;
}
