{
  "pins" : [
    {
      "identity" : "belarusianlacinka",
      "kind" : "remoteSourceControl",
      "location" : "https://github.com/pikoshyk/belarusianlacinka",
      "state" : {
        "branch" : "main",
        "revision" : "20ed54865d9d7f3b87367fda8ad4fe217f0e7cb9"
      }
    },
    {
      "identity" : "keyboardkit",
      "kind" : "remoteSourceControl",
      "location" : "https://github.com/KeyboardKit/KeyboardKit.git",
      "state" : {
        "revision" : "09d29ab51623ce7132d31ec06ed1a12a614868a8",
        "version" : "6.9.6"
      }
    }
  ],
  "version" : 2
}
