{
  "originHash" : "a21d8b2bb8e2a906c81316881bd35103a3636ebbaa4131062b246c5955958e69",
  "pins" : [
    {
      "identity" : "belarusianlacinka",
      "kind" : "remoteSourceControl",
      "location" : "https://github.com/pikoshyk/belarusianlacinka",
      "state" : {
        "revision" : "19708380db9adb31fb80f5df496a23f8127ffd49",
        "version" : "1.1.0"
      }
    },
    {
      "identity" : "grdb.swift",
      "kind" : "remoteSourceControl",
      "location" : "https://github.com/groue/GRDB.swift.git",
      "state" : {
        "revision" : "639fa9168d36931b36a79e60dc06b7d23852f1f4"
      }
    },
    {
      "identity" : "keyboardkit",
      "kind" : "remoteSourceControl",
      "location" : "https://github.com/KeyboardKit/KeyboardKit",
      "state" : {
        "revision" : "d15990b872f8df8663ab87b179360a4d2d1fcab4",
        "version" : "8.5.2"
      }
    }
  ],
  "version" : 3
}
