{
  "originHash" : "b3a75eb9c2abad5ce3b8b49b34105c9bf056585a188c2cd3e94a3cd1e456ee49",
  "pins" : [
    {
      "identity" : "belarusianlacinka",
      "kind" : "remoteSourceControl",
      "location" : "https://github.com/pikoshyk/belarusianlacinka",
      "state" : {
        "revision" : "19708380db9adb31fb80f5df496a23f8127ffd49",
        "version" : "1.1.0"
      }
    },
    {
      "identity" : "keyboardkit",
      "kind" : "remoteSourceControl",
      "location" : "https://github.com/pikoshyk/KeyboardKit",
      "state" : {
        "branch" : "drukarnik_1.4",
        "revision" : "5c8f22c8b1b9e0c00a4be8be765d3a66ab80b22f"
      }
    }
  ],
  "version" : 3
}
